// !$*UTF8*$!
{
	archiveVersion = 1;
	classes = {
	};
	objectVersion = 46;
	objects = {

/* Begin PBXBuildFile section */
		393A29A6142361950056CB37 /* NSData+FKCrypto.m in Sources */ = {isa = PBXBuildFile; fileRef = C5E319D213C4744800D9CA76 /* NSData+FKCrypto.m */; };
		393A29A7142361950056CB37 /* NSError+FKAdditions.m in Sources */ = {isa = PBXBuildFile; fileRef = DCB0127013C4AE9400AB692F /* NSError+FKAdditions.m */; };
		393A29A9142361950056CB37 /* NSArray+FKBlocks.m in Sources */ = {isa = PBXBuildFile; fileRef = C5E319FB13C4EA7C00D9CA76 /* NSArray+FKBlocks.m */; };
		393A29AA142361950056CB37 /* NSDictionary+FKBlocks.m in Sources */ = {isa = PBXBuildFile; fileRef = C5E319FD13C4EA7D00D9CA76 /* NSDictionary+FKBlocks.m */; };
		393A29AB142361950056CB37 /* NSMutableArray+FKBlocks.m in Sources */ = {isa = PBXBuildFile; fileRef = C5E319FF13C4EA7D00D9CA76 /* NSMutableArray+FKBlocks.m */; };
		393A29AC142361950056CB37 /* NSMutableDictionary+FKBlocks.m in Sources */ = {isa = PBXBuildFile; fileRef = C5E31A0113C4EA7D00D9CA76 /* NSMutableDictionary+FKBlocks.m */; };
		393A29AD142361950056CB37 /* NSObject+FKSwizzle.m in Sources */ = {isa = PBXBuildFile; fileRef = DCF68FBD13C74ADB0057517A /* NSObject+FKSwizzle.m */; };
		393A29AE142361950056CB37 /* FKLog.m in Sources */ = {isa = PBXBuildFile; fileRef = C582BF8A13C8B77C0012DF67 /* FKLog.m */; };
		393A29AF142361950056CB37 /* NSObject+FKAssociatedObjects.m in Sources */ = {isa = PBXBuildFile; fileRef = 399F4CD313C905C70008CC0E /* NSObject+FKAssociatedObjects.m */; };
		393A29B0142361950056CB37 /* FKMath.m in Sources */ = {isa = PBXBuildFile; fileRef = 39EA898B13C98C6C00B6427F /* FKMath.m */; };
		393A29B1142361950056CB37 /* NSString+FKAdditions.m in Sources */ = {isa = PBXBuildFile; fileRef = C5AAAA7813C9A33F00E44CE7 /* NSString+FKAdditions.m */; };
		393A29B2142361950056CB37 /* NSArray+FKConcise.m in Sources */ = {isa = PBXBuildFile; fileRef = 9B29720D141BC09F006124A2 /* NSArray+FKConcise.m */; };
		393A29B3142361950056CB37 /* NSMutableArray+FKConcise.m in Sources */ = {isa = PBXBuildFile; fileRef = 9B297211141BC23F006124A2 /* NSMutableArray+FKConcise.m */; };
		393A29B4142361950056CB37 /* NSNumber+FKConcise.m in Sources */ = {isa = PBXBuildFile; fileRef = 9B297214141BC64E006124A2 /* NSNumber+FKConcise.m */; };
		393A29B5142361950056CB37 /* NSObject+FKConcise.m in Sources */ = {isa = PBXBuildFile; fileRef = 9B297217141BC81C006124A2 /* NSObject+FKConcise.m */; };
		393A29B6142361950056CB37 /* NSUserDefaults+FKAdditions.m in Sources */ = {isa = PBXBuildFile; fileRef = 39CFA6141422500500DC3E57 /* NSUserDefaults+FKAdditions.m */; };
		393A29B8142361950056CB37 /* Foundation.framework in Frameworks */ = {isa = PBXBuildFile; fileRef = DC410D0213C39BFD00C90C19 /* Foundation.framework */; };
		393A29BE142361AD0056CB37 /* CoreGraphics.framework in Frameworks */ = {isa = PBXBuildFile; fileRef = 393A29BD142361AD0056CB37 /* CoreGraphics.framework */; };
		393A29C01423631C0056CB37 /* UIKit.framework in Frameworks */ = {isa = PBXBuildFile; fileRef = 393A29BF1423631C0056CB37 /* UIKit.framework */; };
		399F4CD413C905C70008CC0E /* NSObject+FKAssociatedObjects.m in Sources */ = {isa = PBXBuildFile; fileRef = 399F4CD313C905C70008CC0E /* NSObject+FKAssociatedObjects.m */; };
		39CFA6151422500600DC3E57 /* NSUserDefaults+FKAdditions.m in Sources */ = {isa = PBXBuildFile; fileRef = 39CFA6141422500500DC3E57 /* NSUserDefaults+FKAdditions.m */; };
		39EA898C13C98C6C00B6427F /* FKMath.m in Sources */ = {isa = PBXBuildFile; fileRef = 39EA898B13C98C6C00B6427F /* FKMath.m */; };
		9B29720E141BC0A0006124A2 /* NSArray+FKConcise.m in Sources */ = {isa = PBXBuildFile; fileRef = 9B29720D141BC09F006124A2 /* NSArray+FKConcise.m */; };
		9B297212141BC240006124A2 /* NSMutableArray+FKConcise.m in Sources */ = {isa = PBXBuildFile; fileRef = 9B297211141BC23F006124A2 /* NSMutableArray+FKConcise.m */; };
		9B297215141BC650006124A2 /* NSNumber+FKConcise.m in Sources */ = {isa = PBXBuildFile; fileRef = 9B297214141BC64E006124A2 /* NSNumber+FKConcise.m */; };
		9B297218141BC81E006124A2 /* NSObject+FKConcise.m in Sources */ = {isa = PBXBuildFile; fileRef = 9B297217141BC81C006124A2 /* NSObject+FKConcise.m */; };
		C582BF8C13C8B77C0012DF67 /* FKLog.m in Sources */ = {isa = PBXBuildFile; fileRef = C582BF8A13C8B77C0012DF67 /* FKLog.m */; };
		C5AAAA7613C9A32A00E44CE7 /* NSStringAdditionsTests.m in Sources */ = {isa = PBXBuildFile; fileRef = C5AAAA7313C9A31A00E44CE7 /* NSStringAdditionsTests.m */; };
		C5AAAA7913C9A33F00E44CE7 /* NSString+FKAdditions.m in Sources */ = {isa = PBXBuildFile; fileRef = C5AAAA7813C9A33F00E44CE7 /* NSString+FKAdditions.m */; };
		C5AAAA7A13C9A37A00E44CE7 /* libFoundationKitMac.a in Frameworks */ = {isa = PBXBuildFile; fileRef = DC410CFF13C39BFD00C90C19 /* libFoundationKitMac.a */; };
		C5C18E7C13C8C64C00DD0872 /* SenTestingKit.framework in Frameworks */ = {isa = PBXBuildFile; fileRef = C5C18E7B13C8C64C00DD0872 /* SenTestingKit.framework */; };
		C5C18E9713C8C72D00DD0872 /* Foundation.framework in Frameworks */ = {isa = PBXBuildFile; fileRef = DC410D0213C39BFD00C90C19 /* Foundation.framework */; };
		C5C18EC213C8CE9800DD0872 /* FKLogTests.m in Sources */ = {isa = PBXBuildFile; fileRef = C5C18EBC13C8CCDF00DD0872 /* FKLogTests.m */; };
		C5E319D413C4744800D9CA76 /* NSData+FKCrypto.m in Sources */ = {isa = PBXBuildFile; fileRef = C5E319D213C4744800D9CA76 /* NSData+FKCrypto.m */; };
		C5E319F913C4E90B00D9CA76 /* FKAudioRecorder.m in Sources */ = {isa = PBXBuildFile; fileRef = C5E319F713C4E90B00D9CA76 /* FKAudioRecorder.m */; };
		C5E31A0313C4EA7E00D9CA76 /* NSArray+FKBlocks.m in Sources */ = {isa = PBXBuildFile; fileRef = C5E319FB13C4EA7C00D9CA76 /* NSArray+FKBlocks.m */; };
		C5E31A0513C4EA7E00D9CA76 /* NSDictionary+FKBlocks.m in Sources */ = {isa = PBXBuildFile; fileRef = C5E319FD13C4EA7D00D9CA76 /* NSDictionary+FKBlocks.m */; };
		C5E31A0713C4EA7E00D9CA76 /* NSMutableArray+FKBlocks.m in Sources */ = {isa = PBXBuildFile; fileRef = C5E319FF13C4EA7D00D9CA76 /* NSMutableArray+FKBlocks.m */; };
		C5E31A0913C4EA7E00D9CA76 /* NSMutableDictionary+FKBlocks.m in Sources */ = {isa = PBXBuildFile; fileRef = C5E31A0113C4EA7D00D9CA76 /* NSMutableDictionary+FKBlocks.m */; };
		C5EF038913C98ECE00953F2B /* NKSynthesizeSingletonTests.m in Sources */ = {isa = PBXBuildFile; fileRef = C5EF038613C98EC100953F2B /* NKSynthesizeSingletonTests.m */; };
		DC410D0313C39BFD00C90C19 /* Foundation.framework in Frameworks */ = {isa = PBXBuildFile; fileRef = DC410D0213C39BFD00C90C19 /* Foundation.framework */; };
		DCB0127213C4AE9400AB692F /* NSError+FKAdditions.m in Sources */ = {isa = PBXBuildFile; fileRef = DCB0127013C4AE9400AB692F /* NSError+FKAdditions.m */; };
		DCF68FBF13C74ADB0057517A /* NSObject+FKSwizzle.m in Sources */ = {isa = PBXBuildFile; fileRef = DCF68FBD13C74ADB0057517A /* NSObject+FKSwizzle.m */; };
/* End PBXBuildFile section */

/* Begin PBXContainerItemProxy section */
		C5C18E9213C8C65100DD0872 /* PBXContainerItemProxy */ = {
			isa = PBXContainerItemProxy;
			containerPortal = DC410CF613C39BFD00C90C19 /* Project object */;
			proxyType = 1;
			remoteGlobalIDString = DC410CFE13C39BFD00C90C19;
			remoteInfo = FoundationKit;
		};
/* End PBXContainerItemProxy section */

/* Begin PBXFileReference section */
		393A29BC142361950056CB37 /* libFoundationKitMac copy.a */ = {isa = PBXFileReference; explicitFileType = archive.ar; includeInIndex = 0; path = "libFoundationKitMac copy.a"; sourceTree = BUILT_PRODUCTS_DIR; };
		393A29BD142361AD0056CB37 /* CoreGraphics.framework */ = {isa = PBXFileReference; lastKnownFileType = wrapper.framework; name = CoreGraphics.framework; path = Platforms/iPhoneOS.platform/Developer/SDKs/iPhoneOS5.0.sdk/System/Library/Frameworks/CoreGraphics.framework; sourceTree = DEVELOPER_DIR; };
		393A29BF1423631C0056CB37 /* UIKit.framework */ = {isa = PBXFileReference; lastKnownFileType = wrapper.framework; name = UIKit.framework; path = Platforms/iPhoneOS.platform/Developer/SDKs/iPhoneOS5.0.sdk/System/Library/Frameworks/UIKit.framework; sourceTree = DEVELOPER_DIR; };
		399F4CD213C905C70008CC0E /* NSObject+FKAssociatedObjects.h */ = {isa = PBXFileReference; fileEncoding = 4; lastKnownFileType = sourcecode.c.h; path = "NSObject+FKAssociatedObjects.h"; sourceTree = "<group>"; };
		399F4CD313C905C70008CC0E /* NSObject+FKAssociatedObjects.m */ = {isa = PBXFileReference; fileEncoding = 4; lastKnownFileType = sourcecode.c.objc; path = "NSObject+FKAssociatedObjects.m"; sourceTree = "<group>"; };
		399F4CD913C90B210008CC0E /* FKSynthesizeSingleton.h */ = {isa = PBXFileReference; fileEncoding = 4; lastKnownFileType = sourcecode.c.h; path = FKSynthesizeSingleton.h; sourceTree = "<group>"; };
		39CFA6131422500400DC3E57 /* NSUserDefaults+FKAdditions.h */ = {isa = PBXFileReference; fileEncoding = 4; lastKnownFileType = sourcecode.c.h; path = "NSUserDefaults+FKAdditions.h"; sourceTree = "<group>"; };
		39CFA6141422500500DC3E57 /* NSUserDefaults+FKAdditions.m */ = {isa = PBXFileReference; fileEncoding = 4; lastKnownFileType = sourcecode.c.objc; path = "NSUserDefaults+FKAdditions.m"; sourceTree = "<group>"; };
		39EA898A13C98C6C00B6427F /* FKMath.h */ = {isa = PBXFileReference; fileEncoding = 4; lastKnownFileType = sourcecode.c.h; path = FKMath.h; sourceTree = "<group>"; };
		39EA898B13C98C6C00B6427F /* FKMath.m */ = {isa = PBXFileReference; fileEncoding = 4; lastKnownFileType = sourcecode.c.objc; path = FKMath.m; sourceTree = "<group>"; };
		78AC24FA13D3858E00820A31 /* FKCompatibility.h */ = {isa = PBXFileReference; fileEncoding = 4; lastKnownFileType = sourcecode.c.h; path = FKCompatibility.h; sourceTree = "<group>"; };
		78AC24FC13D38A8F00820A31 /* README.md */ = {isa = PBXFileReference; fileEncoding = 4; lastKnownFileType = text; path = README.md; sourceTree = "<group>"; };
		9B29720D141BC09F006124A2 /* NSArray+FKConcise.m */ = {isa = PBXFileReference; fileEncoding = 4; lastKnownFileType = sourcecode.c.objc; path = "NSArray+FKConcise.m"; sourceTree = "<group>"; };
		9B297210141BC23E006124A2 /* NSMutableArray+FKConcise.h */ = {isa = PBXFileReference; fileEncoding = 4; lastKnownFileType = sourcecode.c.h; path = "NSMutableArray+FKConcise.h"; sourceTree = "<group>"; };
		9B297211141BC23F006124A2 /* NSMutableArray+FKConcise.m */ = {isa = PBXFileReference; fileEncoding = 4; lastKnownFileType = sourcecode.c.objc; path = "NSMutableArray+FKConcise.m"; sourceTree = "<group>"; };
		9B297214141BC64E006124A2 /* NSNumber+FKConcise.m */ = {isa = PBXFileReference; fileEncoding = 4; lastKnownFileType = sourcecode.c.objc; path = "NSNumber+FKConcise.m"; sourceTree = "<group>"; };
		9B297216141BC81A006124A2 /* NSObject+FKConcise.h */ = {isa = PBXFileReference; fileEncoding = 4; lastKnownFileType = sourcecode.c.h; path = "NSObject+FKConcise.h"; sourceTree = "<group>"; };
		9B297217141BC81C006124A2 /* NSObject+FKConcise.m */ = {isa = PBXFileReference; fileEncoding = 4; lastKnownFileType = sourcecode.c.objc; path = "NSObject+FKConcise.m"; sourceTree = "<group>"; };
		C582BF8913C8B77C0012DF67 /* FKLog.h */ = {isa = PBXFileReference; fileEncoding = 4; lastKnownFileType = sourcecode.c.h; path = FKLog.h; sourceTree = "<group>"; };
		C582BF8A13C8B77C0012DF67 /* FKLog.m */ = {isa = PBXFileReference; fileEncoding = 4; lastKnownFileType = sourcecode.c.objc; path = FKLog.m; sourceTree = "<group>"; };
		C5AAAA7213C9A31A00E44CE7 /* NSStringAdditionsTests.h */ = {isa = PBXFileReference; fileEncoding = 4; lastKnownFileType = sourcecode.c.h; path = NSStringAdditionsTests.h; sourceTree = "<group>"; };
		C5AAAA7313C9A31A00E44CE7 /* NSStringAdditionsTests.m */ = {isa = PBXFileReference; fileEncoding = 4; lastKnownFileType = sourcecode.c.objc; name = NSStringAdditionsTests.m; path = Tests/NSStringAdditionsTests.m; sourceTree = SOURCE_ROOT; };
		C5AAAA7713C9A33F00E44CE7 /* NSString+FKAdditions.h */ = {isa = PBXFileReference; fileEncoding = 4; lastKnownFileType = sourcecode.c.h; path = "NSString+FKAdditions.h"; sourceTree = "<group>"; };
		C5AAAA7813C9A33F00E44CE7 /* NSString+FKAdditions.m */ = {isa = PBXFileReference; fileEncoding = 4; lastKnownFileType = sourcecode.c.objc; path = "NSString+FKAdditions.m"; sourceTree = "<group>"; };
		C5C18E7A13C8C64C00DD0872 /* Tests.octest */ = {isa = PBXFileReference; explicitFileType = wrapper.cfbundle; includeInIndex = 0; path = Tests.octest; sourceTree = BUILT_PRODUCTS_DIR; };
		C5C18E7B13C8C64C00DD0872 /* SenTestingKit.framework */ = {isa = PBXFileReference; lastKnownFileType = wrapper.framework; name = SenTestingKit.framework; path = Library/Frameworks/SenTestingKit.framework; sourceTree = DEVELOPER_DIR; };
		C5C18E8D13C8C64C00DD0872 /* Tests-Prefix.pch */ = {isa = PBXFileReference; lastKnownFileType = sourcecode.c.h; path = "Tests-Prefix.pch"; sourceTree = "<group>"; };
		C5C18EBB13C8CCDF00DD0872 /* FKLogTests.h */ = {isa = PBXFileReference; fileEncoding = 4; lastKnownFileType = sourcecode.c.h; path = FKLogTests.h; sourceTree = "<group>"; };
		C5C18EBC13C8CCDF00DD0872 /* FKLogTests.m */ = {isa = PBXFileReference; fileEncoding = 4; lastKnownFileType = sourcecode.c.objc; path = FKLogTests.m; sourceTree = "<group>"; };
		C5C18EBD13C8CCDF00DD0872 /* Tests-Info.plist */ = {isa = PBXFileReference; fileEncoding = 4; lastKnownFileType = text.plist.xml; path = "Tests-Info.plist"; sourceTree = "<group>"; };
		C5E319D113C4744800D9CA76 /* NSData+FKCrypto.h */ = {isa = PBXFileReference; fileEncoding = 4; lastKnownFileType = sourcecode.c.h; path = "NSData+FKCrypto.h"; sourceTree = "<group>"; };
		C5E319D213C4744800D9CA76 /* NSData+FKCrypto.m */ = {isa = PBXFileReference; fileEncoding = 4; lastKnownFileType = sourcecode.c.objc; path = "NSData+FKCrypto.m"; sourceTree = "<group>"; };
		C5E319D513C474E800D9CA76 /* FoundationKit-Prefix.pch */ = {isa = PBXFileReference; fileEncoding = 4; lastKnownFileType = sourcecode.c.h; path = "FoundationKit-Prefix.pch"; sourceTree = "<group>"; };
		C5E319D713C474FE00D9CA76 /* FoundationKit.h */ = {isa = PBXFileReference; fileEncoding = 4; indentWidth = 2; lastKnownFileType = sourcecode.c.h; path = FoundationKit.h; sourceTree = "<group>"; tabWidth = 2; };
		C5E319F613C4E90B00D9CA76 /* FKAudioRecorder.h */ = {isa = PBXFileReference; fileEncoding = 4; lastKnownFileType = sourcecode.c.h; path = FKAudioRecorder.h; sourceTree = "<group>"; };
		C5E319F713C4E90B00D9CA76 /* FKAudioRecorder.m */ = {isa = PBXFileReference; fileEncoding = 4; lastKnownFileType = sourcecode.c.objc; path = FKAudioRecorder.m; sourceTree = "<group>"; };
		C5E319FA13C4EA7C00D9CA76 /* NSArray+FKBlocks.h */ = {isa = PBXFileReference; fileEncoding = 4; lastKnownFileType = sourcecode.c.h; path = "NSArray+FKBlocks.h"; sourceTree = "<group>"; };
		C5E319FB13C4EA7C00D9CA76 /* NSArray+FKBlocks.m */ = {isa = PBXFileReference; fileEncoding = 4; lastKnownFileType = sourcecode.c.objc; path = "NSArray+FKBlocks.m"; sourceTree = "<group>"; };
		C5E319FC13C4EA7C00D9CA76 /* NSDictionary+FKBlocks.h */ = {isa = PBXFileReference; fileEncoding = 4; lastKnownFileType = sourcecode.c.h; path = "NSDictionary+FKBlocks.h"; sourceTree = "<group>"; };
		C5E319FD13C4EA7D00D9CA76 /* NSDictionary+FKBlocks.m */ = {isa = PBXFileReference; fileEncoding = 4; lastKnownFileType = sourcecode.c.objc; path = "NSDictionary+FKBlocks.m"; sourceTree = "<group>"; };
		C5E319FE13C4EA7D00D9CA76 /* NSMutableArray+FKBlocks.h */ = {isa = PBXFileReference; fileEncoding = 4; lastKnownFileType = sourcecode.c.h; path = "NSMutableArray+FKBlocks.h"; sourceTree = "<group>"; };
		C5E319FF13C4EA7D00D9CA76 /* NSMutableArray+FKBlocks.m */ = {isa = PBXFileReference; fileEncoding = 4; lastKnownFileType = sourcecode.c.objc; path = "NSMutableArray+FKBlocks.m"; sourceTree = "<group>"; };
		C5E31A0013C4EA7D00D9CA76 /* NSMutableDictionary+FKBlocks.h */ = {isa = PBXFileReference; fileEncoding = 4; lastKnownFileType = sourcecode.c.h; path = "NSMutableDictionary+FKBlocks.h"; sourceTree = "<group>"; };
		C5E31A0113C4EA7D00D9CA76 /* NSMutableDictionary+FKBlocks.m */ = {isa = PBXFileReference; fileEncoding = 4; lastKnownFileType = sourcecode.c.objc; path = "NSMutableDictionary+FKBlocks.m"; sourceTree = "<group>"; };
		C5E31A0A13C4EC8700D9CA76 /* FKShorthands.h */ = {isa = PBXFileReference; fileEncoding = 4; lastKnownFileType = sourcecode.c.h; path = FKShorthands.h; sourceTree = "<group>"; };
		C5EF038513C98EC100953F2B /* FKSynthesizeSingletonTests.h */ = {isa = PBXFileReference; fileEncoding = 4; lastKnownFileType = sourcecode.c.h; path = FKSynthesizeSingletonTests.h; sourceTree = "<group>"; };
		C5EF038613C98EC100953F2B /* NKSynthesizeSingletonTests.m */ = {isa = PBXFileReference; fileEncoding = 4; lastKnownFileType = sourcecode.c.objc; path = NKSynthesizeSingletonTests.m; sourceTree = "<group>"; };
		DC1CF42313C483BC00E5BEBC /* NSArray+FKConcise.h */ = {isa = PBXFileReference; fileEncoding = 4; lastKnownFileType = sourcecode.c.h; path = "NSArray+FKConcise.h"; sourceTree = "<group>"; };
		DC1CF42613C4845D00E5BEBC /* NSNumber+FKConcise.h */ = {isa = PBXFileReference; fileEncoding = 4; lastKnownFileType = sourcecode.c.h; path = "NSNumber+FKConcise.h"; sourceTree = "<group>"; };
		DC1CF42813C4847200E5BEBC /* NSDictionary+FKConcise.h */ = {isa = PBXFileReference; fileEncoding = 4; lastKnownFileType = sourcecode.c.h; path = "NSDictionary+FKConcise.h"; sourceTree = "<group>"; };
		DC1CF42A13C4848200E5BEBC /* NSValue+FKConcise.h */ = {isa = PBXFileReference; fileEncoding = 4; lastKnownFileType = sourcecode.c.h; path = "NSValue+FKConcise.h"; sourceTree = "<group>"; };
		DC1CF42C13C4849400E5BEBC /* NSNull+FKConcise.h */ = {isa = PBXFileReference; fileEncoding = 4; lastKnownFileType = sourcecode.c.h; path = "NSNull+FKConcise.h"; sourceTree = "<group>"; };
		DC1CF42E13C484A400E5BEBC /* NSString+FKConcise.h */ = {isa = PBXFileReference; fileEncoding = 4; lastKnownFileType = sourcecode.c.h; path = "NSString+FKConcise.h"; sourceTree = "<group>"; };
		DC1CF43013C484B800E5BEBC /* NSSet+FKConcise.h */ = {isa = PBXFileReference; fileEncoding = 4; lastKnownFileType = sourcecode.c.h; path = "NSSet+FKConcise.h"; sourceTree = "<group>"; };
		DC410CFF13C39BFD00C90C19 /* libFoundationKitMac.a */ = {isa = PBXFileReference; explicitFileType = archive.ar; includeInIndex = 0; path = libFoundationKitMac.a; sourceTree = BUILT_PRODUCTS_DIR; };
		DC410D0213C39BFD00C90C19 /* Foundation.framework */ = {isa = PBXFileReference; lastKnownFileType = wrapper.framework; name = Foundation.framework; path = System/Library/Frameworks/Foundation.framework; sourceTree = SDKROOT; };
		DCB0126F13C4AE9400AB692F /* NSError+FKAdditions.h */ = {isa = PBXFileReference; fileEncoding = 4; lastKnownFileType = sourcecode.c.h; path = "NSError+FKAdditions.h"; sourceTree = "<group>"; };
		DCB0127013C4AE9400AB692F /* NSError+FKAdditions.m */ = {isa = PBXFileReference; fileEncoding = 4; lastKnownFileType = sourcecode.c.objc; path = "NSError+FKAdditions.m"; sourceTree = "<group>"; };
		DCF68FBC13C74ADB0057517A /* NSObject+FKSwizzle.h */ = {isa = PBXFileReference; fileEncoding = 4; lastKnownFileType = sourcecode.c.h; path = "NSObject+FKSwizzle.h"; sourceTree = "<group>"; };
		DCF68FBD13C74ADB0057517A /* NSObject+FKSwizzle.m */ = {isa = PBXFileReference; fileEncoding = 4; lastKnownFileType = sourcecode.c.objc; path = "NSObject+FKSwizzle.m"; sourceTree = "<group>"; };
/* End PBXFileReference section */

/* Begin PBXFrameworksBuildPhase section */
		393A29B7142361950056CB37 /* Frameworks */ = {
			isa = PBXFrameworksBuildPhase;
			buildActionMask = 2147483647;
			files = (
				393A29C01423631C0056CB37 /* UIKit.framework in Frameworks */,
				393A29BE142361AD0056CB37 /* CoreGraphics.framework in Frameworks */,
				393A29B8142361950056CB37 /* Foundation.framework in Frameworks */,
			);
			runOnlyForDeploymentPostprocessing = 0;
		};
		C5C18E7613C8C64C00DD0872 /* Frameworks */ = {
			isa = PBXFrameworksBuildPhase;
			buildActionMask = 2147483647;
			files = (
				C5AAAA7A13C9A37A00E44CE7 /* libFoundationKitMac.a in Frameworks */,
				C5C18E9713C8C72D00DD0872 /* Foundation.framework in Frameworks */,
				C5C18E7C13C8C64C00DD0872 /* SenTestingKit.framework in Frameworks */,
			);
			runOnlyForDeploymentPostprocessing = 0;
		};
		DC410CFC13C39BFD00C90C19 /* Frameworks */ = {
			isa = PBXFrameworksBuildPhase;
			buildActionMask = 2147483647;
			files = (
				DC410D0313C39BFD00C90C19 /* Foundation.framework in Frameworks */,
			);
			runOnlyForDeploymentPostprocessing = 0;
		};
/* End PBXFrameworksBuildPhase section */

/* Begin PBXGroup section */
		C5C18E8313C8C64C00DD0872 /* Tests */ = {
			isa = PBXGroup;
			children = (
				C5C18EBB13C8CCDF00DD0872 /* FKLogTests.h */,
				C5C18EBC13C8CCDF00DD0872 /* FKLogTests.m */,
				C5AAAA7213C9A31A00E44CE7 /* NSStringAdditionsTests.h */,
				C5AAAA7313C9A31A00E44CE7 /* NSStringAdditionsTests.m */,
				C5EF038513C98EC100953F2B /* FKSynthesizeSingletonTests.h */,
				C5EF038613C98EC100953F2B /* NKSynthesizeSingletonTests.m */,
				C5C18EBD13C8CCDF00DD0872 /* Tests-Info.plist */,
				C5C18E8D13C8C64C00DD0872 /* Tests-Prefix.pch */,
			);
			path = Tests;
			sourceTree = "<group>";
		};
		C5E319C913C473BD00D9CA76 /* Sources */ = {
			isa = PBXGroup;
			children = (
				C5E319F513C4E90B00D9CA76 /* Audio */,
				78AC24FA13D3858E00820A31 /* FKCompatibility.h */,
				C582BF8913C8B77C0012DF67 /* FKLog.h */,
				C582BF8A13C8B77C0012DF67 /* FKLog.m */,
				39EA898A13C98C6C00B6427F /* FKMath.h */,
				39EA898B13C98C6C00B6427F /* FKMath.m */,
				C5E31A0A13C4EC8700D9CA76 /* FKShorthands.h */,
				399F4CD913C90B210008CC0E /* FKSynthesizeSingleton.h */,
				C5E319D713C474FE00D9CA76 /* FoundationKit.h */,
				C5E319FA13C4EA7C00D9CA76 /* NSArray+FKBlocks.h */,
				C5E319FB13C4EA7C00D9CA76 /* NSArray+FKBlocks.m */,
				DC1CF42313C483BC00E5BEBC /* NSArray+FKConcise.h */,
				9B29720D141BC09F006124A2 /* NSArray+FKConcise.m */,
				C5E319D113C4744800D9CA76 /* NSData+FKCrypto.h */,
				C5E319D213C4744800D9CA76 /* NSData+FKCrypto.m */,
				C5E319FC13C4EA7C00D9CA76 /* NSDictionary+FKBlocks.h */,
				C5E319FD13C4EA7D00D9CA76 /* NSDictionary+FKBlocks.m */,
				DC1CF42813C4847200E5BEBC /* NSDictionary+FKConcise.h */,
				DCB0126F13C4AE9400AB692F /* NSError+FKAdditions.h */,
				DCB0127013C4AE9400AB692F /* NSError+FKAdditions.m */,
				C5E319FE13C4EA7D00D9CA76 /* NSMutableArray+FKBlocks.h */,
				C5E319FF13C4EA7D00D9CA76 /* NSMutableArray+FKBlocks.m */,
				9B297210141BC23E006124A2 /* NSMutableArray+FKConcise.h */,
				9B297211141BC23F006124A2 /* NSMutableArray+FKConcise.m */,
				C5E31A0013C4EA7D00D9CA76 /* NSMutableDictionary+FKBlocks.h */,
				C5E31A0113C4EA7D00D9CA76 /* NSMutableDictionary+FKBlocks.m */,
				DC1CF42C13C4849400E5BEBC /* NSNull+FKConcise.h */,
				DC1CF42613C4845D00E5BEBC /* NSNumber+FKConcise.h */,
				9B297214141BC64E006124A2 /* NSNumber+FKConcise.m */,
				399F4CD213C905C70008CC0E /* NSObject+FKAssociatedObjects.h */,
				399F4CD313C905C70008CC0E /* NSObject+FKAssociatedObjects.m */,
				9B297216141BC81A006124A2 /* NSObject+FKConcise.h */,
				9B297217141BC81C006124A2 /* NSObject+FKConcise.m */,
				DCF68FBC13C74ADB0057517A /* NSObject+FKSwizzle.h */,
				DCF68FBD13C74ADB0057517A /* NSObject+FKSwizzle.m */,
				DC1CF43013C484B800E5BEBC /* NSSet+FKConcise.h */,
				C5AAAA7713C9A33F00E44CE7 /* NSString+FKAdditions.h */,
				C5AAAA7813C9A33F00E44CE7 /* NSString+FKAdditions.m */,
				DC1CF42E13C484A400E5BEBC /* NSString+FKConcise.h */,
				39CFA6131422500400DC3E57 /* NSUserDefaults+FKAdditions.h */,
				39CFA6141422500500DC3E57 /* NSUserDefaults+FKAdditions.m */,
				DC1CF42A13C4848200E5BEBC /* NSValue+FKConcise.h */,
			);
			path = Sources;
			sourceTree = "<group>";
		};
		C5E319CE13C473E800D9CA76 /* Supporting Files */ = {
			isa = PBXGroup;
			children = (
				78AC24FC13D38A8F00820A31 /* README.md */,
				C5E319D513C474E800D9CA76 /* FoundationKit-Prefix.pch */,
			);
			name = "Supporting Files";
			sourceTree = "<group>";
		};
		C5E319F513C4E90B00D9CA76 /* Audio */ = {
			isa = PBXGroup;
			children = (
				C5E319F613C4E90B00D9CA76 /* FKAudioRecorder.h */,
				C5E319F713C4E90B00D9CA76 /* FKAudioRecorder.m */,
			);
			path = Audio;
			sourceTree = "<group>";
		};
		DC410CF413C39BFD00C90C19 = {
			isa = PBXGroup;
			children = (
				C5E319C913C473BD00D9CA76 /* Sources */,
				C5E319CE13C473E800D9CA76 /* Supporting Files */,
				C5C18E8313C8C64C00DD0872 /* Tests */,
				DC410D0113C39BFD00C90C19 /* Frameworks */,
				DC410D0013C39BFD00C90C19 /* Products */,
			);
			indentWidth = 2;
			sourceTree = "<group>";
			tabWidth = 2;
		};
		DC410D0013C39BFD00C90C19 /* Products */ = {
			isa = PBXGroup;
			children = (
				DC410CFF13C39BFD00C90C19 /* libFoundationKitMac.a */,
				C5C18E7A13C8C64C00DD0872 /* Tests.octest */,
				393A29BC142361950056CB37 /* libFoundationKitMac copy.a */,
			);
			name = Products;
			sourceTree = "<group>";
		};
		DC410D0113C39BFD00C90C19 /* Frameworks */ = {
			isa = PBXGroup;
			children = (
				393A29BF1423631C0056CB37 /* UIKit.framework */,
				393A29BD142361AD0056CB37 /* CoreGraphics.framework */,
				DC410D0213C39BFD00C90C19 /* Foundation.framework */,
				C5C18E7B13C8C64C00DD0872 /* SenTestingKit.framework */,
			);
			name = Frameworks;
			sourceTree = "<group>";
		};
/* End PBXGroup section */

/* Begin PBXNativeTarget section */
		393A29A4142361950056CB37 /* FoundationKitiOS */ = {
			isa = PBXNativeTarget;
			buildConfigurationList = 393A29B9142361950056CB37 /* Build configuration list for PBXNativeTarget "FoundationKitiOS" */;
			buildPhases = (
				393A29A5142361950056CB37 /* Sources */,
				393A29B7142361950056CB37 /* Frameworks */,
			);
			buildRules = (
			);
			dependencies = (
			);
			name = FoundationKitiOS;
			productName = FoundationKit;
			productReference = 393A29BC142361950056CB37 /* libFoundationKitMac copy.a */;
			productType = "com.apple.product-type.library.static";
		};
		C5C18E7913C8C64C00DD0872 /* Tests */ = {
			isa = PBXNativeTarget;
			buildConfigurationList = C5C18E9013C8C64C00DD0872 /* Build configuration list for PBXNativeTarget "Tests" */;
			buildPhases = (
				C5C18E7513C8C64C00DD0872 /* Sources */,
				C5C18E7613C8C64C00DD0872 /* Frameworks */,
				C5C18E7713C8C64C00DD0872 /* Resources */,
				C5C18E7813C8C64C00DD0872 /* ShellScript */,
			);
			buildRules = (
			);
			dependencies = (
				C5C18E9313C8C65100DD0872 /* PBXTargetDependency */,
			);
			name = Tests;
			productName = Tests;
			productReference = C5C18E7A13C8C64C00DD0872 /* Tests.octest */;
			productType = "com.apple.product-type.bundle";
		};
		DC410CFE13C39BFD00C90C19 /* FoundationKitMac */ = {
			isa = PBXNativeTarget;
			buildConfigurationList = DC410D0913C39BFD00C90C19 /* Build configuration list for PBXNativeTarget "FoundationKitMac" */;
			buildPhases = (
				DC410CFB13C39BFD00C90C19 /* Sources */,
				DC410CFC13C39BFD00C90C19 /* Frameworks */,
			);
			buildRules = (
			);
			dependencies = (
			);
			name = FoundationKitMac;
			productName = FoundationKit;
			productReference = DC410CFF13C39BFD00C90C19 /* libFoundationKitMac.a */;
			productType = "com.apple.product-type.library.static";
		};
/* End PBXNativeTarget section */

/* Begin PBXProject section */
		DC410CF613C39BFD00C90C19 /* Project object */ = {
			isa = PBXProject;
			attributes = {
				LastUpgradeCheck = 0420;
				ORGANIZATIONNAME = FoundationKit;
			};
			buildConfigurationList = DC410CF913C39BFD00C90C19 /* Build configuration list for PBXProject "FoundationKit" */;
			compatibilityVersion = "Xcode 3.2";
			developmentRegion = English;
			hasScannedForEncodings = 0;
			knownRegions = (
				en,
			);
			mainGroup = DC410CF413C39BFD00C90C19;
			productRefGroup = DC410D0013C39BFD00C90C19 /* Products */;
			projectDirPath = "";
			projectRoot = "";
			targets = (
				DC410CFE13C39BFD00C90C19 /* FoundationKitMac */,
				393A29A4142361950056CB37 /* FoundationKitiOS */,
				C5C18E7913C8C64C00DD0872 /* Tests */,
			);
		};
/* End PBXProject section */

/* Begin PBXResourcesBuildPhase section */
		C5C18E7713C8C64C00DD0872 /* Resources */ = {
			isa = PBXResourcesBuildPhase;
			buildActionMask = 2147483647;
			files = (
			);
			runOnlyForDeploymentPostprocessing = 0;
		};
/* End PBXResourcesBuildPhase section */

/* Begin PBXShellScriptBuildPhase section */
		C5C18E7813C8C64C00DD0872 /* ShellScript */ = {
			isa = PBXShellScriptBuildPhase;
			buildActionMask = 2147483647;
			files = (
			);
			inputPaths = (
			);
			outputPaths = (
			);
			runOnlyForDeploymentPostprocessing = 0;
			shellPath = /bin/sh;
			shellScript = "# Run the unit tests in this test bundle.\n\"${SYSTEM_DEVELOPER_DIR}/Tools/RunUnitTests\"\n";
		};
/* End PBXShellScriptBuildPhase section */

/* Begin PBXSourcesBuildPhase section */
		393A29A5142361950056CB37 /* Sources */ = {
			isa = PBXSourcesBuildPhase;
			buildActionMask = 2147483647;
			files = (
				393A29A6142361950056CB37 /* NSData+FKCrypto.m in Sources */,
				393A29A7142361950056CB37 /* NSError+FKAdditions.m in Sources */,
				393A29A9142361950056CB37 /* NSArray+FKBlocks.m in Sources */,
				393A29AA142361950056CB37 /* NSDictionary+FKBlocks.m in Sources */,
				393A29AB142361950056CB37 /* NSMutableArray+FKBlocks.m in Sources */,
				393A29AC142361950056CB37 /* NSMutableDictionary+FKBlocks.m in Sources */,
				393A29AD142361950056CB37 /* NSObject+FKSwizzle.m in Sources */,
				393A29AE142361950056CB37 /* FKLog.m in Sources */,
				393A29AF142361950056CB37 /* NSObject+FKAssociatedObjects.m in Sources */,
				393A29B0142361950056CB37 /* FKMath.m in Sources */,
				393A29B1142361950056CB37 /* NSString+FKAdditions.m in Sources */,
				393A29B2142361950056CB37 /* NSArray+FKConcise.m in Sources */,
				393A29B3142361950056CB37 /* NSMutableArray+FKConcise.m in Sources */,
				393A29B4142361950056CB37 /* NSNumber+FKConcise.m in Sources */,
				393A29B5142361950056CB37 /* NSObject+FKConcise.m in Sources */,
				393A29B6142361950056CB37 /* NSUserDefaults+FKAdditions.m in Sources */,
			);
			runOnlyForDeploymentPostprocessing = 0;
		};
		C5C18E7513C8C64C00DD0872 /* Sources */ = {
			isa = PBXSourcesBuildPhase;
			buildActionMask = 2147483647;
			files = (
				C5C18EC213C8CE9800DD0872 /* FKLogTests.m in Sources */,
				C5EF038913C98ECE00953F2B /* NKSynthesizeSingletonTests.m in Sources */,
				C5AAAA7613C9A32A00E44CE7 /* NSStringAdditionsTests.m in Sources */,
			);
			runOnlyForDeploymentPostprocessing = 0;
		};
		DC410CFB13C39BFD00C90C19 /* Sources */ = {
			isa = PBXSourcesBuildPhase;
			buildActionMask = 2147483647;
			files = (
				C5E319D413C4744800D9CA76 /* NSData+FKCrypto.m in Sources */,
				DCB0127213C4AE9400AB692F /* NSError+FKAdditions.m in Sources */,
				C5E319F913C4E90B00D9CA76 /* FKAudioRecorder.m in Sources */,
				C5E31A0313C4EA7E00D9CA76 /* NSArray+FKBlocks.m in Sources */,
				C5E31A0513C4EA7E00D9CA76 /* NSDictionary+FKBlocks.m in Sources */,
				C5E31A0713C4EA7E00D9CA76 /* NSMutableArray+FKBlocks.m in Sources */,
				C5E31A0913C4EA7E00D9CA76 /* NSMutableDictionary+FKBlocks.m in Sources */,
				DCF68FBF13C74ADB0057517A /* NSObject+FKSwizzle.m in Sources */,
				C582BF8C13C8B77C0012DF67 /* FKLog.m in Sources */,
				399F4CD413C905C70008CC0E /* NSObject+FKAssociatedObjects.m in Sources */,
				39EA898C13C98C6C00B6427F /* FKMath.m in Sources */,
				C5AAAA7913C9A33F00E44CE7 /* NSString+FKAdditions.m in Sources */,
				9B29720E141BC0A0006124A2 /* NSArray+FKConcise.m in Sources */,
				9B297212141BC240006124A2 /* NSMutableArray+FKConcise.m in Sources */,
				9B297215141BC650006124A2 /* NSNumber+FKConcise.m in Sources */,
				9B297218141BC81E006124A2 /* NSObject+FKConcise.m in Sources */,
				39CFA6151422500600DC3E57 /* NSUserDefaults+FKAdditions.m in Sources */,
			);
			runOnlyForDeploymentPostprocessing = 0;
		};
/* End PBXSourcesBuildPhase section */

/* Begin PBXTargetDependency section */
		C5C18E9313C8C65100DD0872 /* PBXTargetDependency */ = {
			isa = PBXTargetDependency;
			target = DC410CFE13C39BFD00C90C19 /* FoundationKitMac */;
			targetProxy = C5C18E9213C8C65100DD0872 /* PBXContainerItemProxy */;
		};
/* End PBXTargetDependency section */

/* Begin XCBuildConfiguration section */
		393A29BA142361950056CB37 /* Debug */ = {
			isa = XCBuildConfiguration;
			buildSettings = {
				GCC_PRECOMPILE_PREFIX_HEADER = YES;
				GCC_PREFIX_HEADER = "FoundationKit-Prefix.pch";
				IPHONEOS_DEPLOYMENT_TARGET = 4.0;
				PRODUCT_NAME = "FoundationKitMac copy";
				SDKROOT = iphoneos;
			};
			name = Debug;
		};
		393A29BB142361950056CB37 /* Release */ = {
			isa = XCBuildConfiguration;
			buildSettings = {
				GCC_PRECOMPILE_PREFIX_HEADER = YES;
				GCC_PREFIX_HEADER = "FoundationKit-Prefix.pch";
				IPHONEOS_DEPLOYMENT_TARGET = 4.0;
				PRODUCT_NAME = "FoundationKitMac copy";
				SDKROOT = iphoneos;
			};
			name = Release;
		};
		C5C18E8E13C8C64C00DD0872 /* Debug */ = {
			isa = XCBuildConfiguration;
			buildSettings = {
				FRAMEWORK_SEARCH_PATHS = "$(DEVELOPER_LIBRARY_DIR)/Frameworks";
				GCC_ENABLE_OBJC_EXCEPTIONS = YES;
				GCC_PRECOMPILE_PREFIX_HEADER = YES;
				GCC_PREFIX_HEADER = "Tests/Tests-Prefix.pch";
				GCC_WARN_64_TO_32_BIT_CONVERSION = YES;
				INFOPLIST_FILE = "Tests/Tests-Info.plist";
				PRODUCT_NAME = "$(TARGET_NAME)";
				WRAPPER_EXTENSION = octest;
			};
			name = Debug;
		};
		C5C18E8F13C8C64C00DD0872 /* Release */ = {
			isa = XCBuildConfiguration;
			buildSettings = {
				FRAMEWORK_SEARCH_PATHS = "$(DEVELOPER_LIBRARY_DIR)/Frameworks";
				GCC_ENABLE_OBJC_EXCEPTIONS = YES;
				GCC_PRECOMPILE_PREFIX_HEADER = YES;
				GCC_PREFIX_HEADER = "Tests/Tests-Prefix.pch";
				GCC_WARN_64_TO_32_BIT_CONVERSION = YES;
				INFOPLIST_FILE = "Tests/Tests-Info.plist";
				PRODUCT_NAME = "$(TARGET_NAME)";
				WRAPPER_EXTENSION = octest;
			};
			name = Release;
		};
		DC410D0713C39BFD00C90C19 /* Debug */ = {
			isa = XCBuildConfiguration;
			buildSettings = {
				ALWAYS_SEARCH_USER_PATHS = NO;
				ARCHS = "$(ARCHS_STANDARD_64_BIT)";
				CLANG_ENABLE_OBJC_ARC = YES;
				COPY_PHASE_STRIP = NO;
				GCC_C_LANGUAGE_STANDARD = c99;
				GCC_DYNAMIC_NO_PIC = NO;
				GCC_OPTIMIZATION_LEVEL = 0;
				GCC_PREPROCESSOR_DEFINITIONS = (
					"DEBUG=1",
					"$(inherited)",
				);
				GCC_SYMBOLS_PRIVATE_EXTERN = NO;
				GCC_VERSION = com.apple.compilers.llvm.clang.1_0;
				GCC_WARN_ABOUT_MISSING_PROTOTYPES = YES;
				GCC_WARN_ABOUT_RETURN_TYPE = YES;
				GCC_WARN_UNUSED_VARIABLE = YES;
				SKIP_INSTALL = YES;
			};
			name = Debug;
		};
		DC410D0813C39BFD00C90C19 /* Release */ = {
			isa = XCBuildConfiguration;
			buildSettings = {
				ALWAYS_SEARCH_USER_PATHS = NO;
				ARCHS = "$(ARCHS_STANDARD_64_BIT)";
				CLANG_ENABLE_OBJC_ARC = YES;
				COPY_PHASE_STRIP = YES;
				DEBUG_INFORMATION_FORMAT = "dwarf-with-dsym";
				GCC_C_LANGUAGE_STANDARD = c99;
				GCC_VERSION = com.apple.compilers.llvm.clang.1_0;
				GCC_WARN_ABOUT_MISSING_PROTOTYPES = YES;
				GCC_WARN_ABOUT_RETURN_TYPE = YES;
				GCC_WARN_UNUSED_VARIABLE = YES;
				SKIP_INSTALL = YES;
				VALIDATE_PRODUCT = YES;
			};
			name = Release;
		};
		DC410D0A13C39BFD00C90C19 /* Debug */ = {
			isa = XCBuildConfiguration;
			buildSettings = {
				GCC_PRECOMPILE_PREFIX_HEADER = YES;
				GCC_PREFIX_HEADER = "FoundationKit-Prefix.pch";
				PRODUCT_NAME = "$(TARGET_NAME)";
			};
			name = Debug;
		};
		DC410D0B13C39BFD00C90C19 /* Release */ = {
			isa = XCBuildConfiguration;
			buildSettings = {
				GCC_PRECOMPILE_PREFIX_HEADER = YES;
				GCC_PREFIX_HEADER = "FoundationKit-Prefix.pch";
				PRODUCT_NAME = "$(TARGET_NAME)";
			};
			name = Release;
		};
/* End XCBuildConfiguration section */

/* Begin XCConfigurationList section */
		393A29B9142361950056CB37 /* Build configuration list for PBXNativeTarget "FoundationKitiOS" */ = {
			isa = XCConfigurationList;
			buildConfigurations = (
				393A29BA142361950056CB37 /* Debug */,
				393A29BB142361950056CB37 /* Release */,
			);
			defaultConfigurationIsVisible = 0;
			defaultConfigurationName = Release;
		};
		C5C18E9013C8C64C00DD0872 /* Build configuration list for PBXNativeTarget "Tests" */ = {
			isa = XCConfigurationList;
			buildConfigurations = (
				C5C18E8E13C8C64C00DD0872 /* Debug */,
				C5C18E8F13C8C64C00DD0872 /* Release */,
			);
			defaultConfigurationIsVisible = 0;
			defaultConfigurationName = Release;
		};
		DC410CF913C39BFD00C90C19 /* Build configuration list for PBXProject "FoundationKit" */ = {
			isa = XCConfigurationList;
			buildConfigurations = (
				DC410D0713C39BFD00C90C19 /* Debug */,
				DC410D0813C39BFD00C90C19 /* Release */,
			);
			defaultConfigurationIsVisible = 0;
			defaultConfigurationName = Release;
		};
		DC410D0913C39BFD00C90C19 /* Build configuration list for PBXNativeTarget "FoundationKitMac" */ = {
			isa = XCConfigurationList;
			buildConfigurations = (
				DC410D0A13C39BFD00C90C19 /* Debug */,
				DC410D0B13C39BFD00C90C19 /* Release */,
			);
			defaultConfigurationIsVisible = 0;
			defaultConfigurationName = Release;
		};
/* End XCConfigurationList section */
	};
	rootObject = DC410CF613C39BFD00C90C19 /* Project object */;
}
