// !$*UTF8*$!
{
	archiveVersion = 1;
	classes = {
	};
	objectVersion = 46;
	objects = {

/* Begin PBXBuildFile section */
		392D3C78142FF303003AFB81 /* FKPathsTests.m in Sources */ = {isa = PBXBuildFile; fileRef = 392D3C77142FF303003AFB81 /* FKPathsTests.m */; };
		393A29A6142361950056CB37 /* NSData+FKCrypto.m in Sources */ = {isa = PBXBuildFile; fileRef = C5E319D213C4744800D9CA76 /* NSData+FKCrypto.m */; };
		393A29A7142361950056CB37 /* NSError+FKAdditions.m in Sources */ = {isa = PBXBuildFile; fileRef = DCB0127013C4AE9400AB692F /* NSError+FKAdditions.m */; };
		393A29AD142361950056CB37 /* NSObject+FKSwizzle.m in Sources */ = {isa = PBXBuildFile; fileRef = DCF68FBD13C74ADB0057517A /* NSObject+FKSwizzle.m */; };
		393A29AE142361950056CB37 /* FKLog.m in Sources */ = {isa = PBXBuildFile; fileRef = C582BF8A13C8B77C0012DF67 /* FKLog.m */; };
		393A29AF142361950056CB37 /* NSObject+FKAssociatedObjects.m in Sources */ = {isa = PBXBuildFile; fileRef = 399F4CD313C905C70008CC0E /* NSObject+FKAssociatedObjects.m */; };
		393A29B1142361950056CB37 /* NSString+FKAdditions.m in Sources */ = {isa = PBXBuildFile; fileRef = C5AAAA7813C9A33F00E44CE7 /* NSString+FKAdditions.m */; };
		393A29B5142361950056CB37 /* NSObject+FKPerform.m in Sources */ = {isa = PBXBuildFile; fileRef = 9B297217141BC81C006124A2 /* NSObject+FKPerform.m */; };
		393A29B6142361950056CB37 /* NSUserDefaults+FKAdditions.m in Sources */ = {isa = PBXBuildFile; fileRef = 39CFA6141422500500DC3E57 /* NSUserDefaults+FKAdditions.m */; };
		393A29B8142361950056CB37 /* Foundation.framework in Frameworks */ = {isa = PBXBuildFile; fileRef = DC410D0213C39BFD00C90C19 /* Foundation.framework */; };
		393A29BE142361AD0056CB37 /* CoreGraphics.framework in Frameworks */ = {isa = PBXBuildFile; fileRef = 393A29BD142361AD0056CB37 /* CoreGraphics.framework */; };
		393A29C01423631C0056CB37 /* UIKit.framework in Frameworks */ = {isa = PBXBuildFile; fileRef = 393A29BF1423631C0056CB37 /* UIKit.framework */; };
		399F4CD413C905C70008CC0E /* NSObject+FKAssociatedObjects.m in Sources */ = {isa = PBXBuildFile; fileRef = 399F4CD313C905C70008CC0E /* NSObject+FKAssociatedObjects.m */; };
		39AA0FB014291E8500C6956C /* NSDate+FKAdditions.m in Sources */ = {isa = PBXBuildFile; fileRef = 39AA0FAF14291E8500C6956C /* NSDate+FKAdditions.m */; };
		39AA0FB114291E8500C6956C /* NSDate+FKAdditions.m in Sources */ = {isa = PBXBuildFile; fileRef = 39AA0FAF14291E8500C6956C /* NSDate+FKAdditions.m */; };
		39B07E6A14288A7100CBF1B8 /* FKMutableIntArray.m in Sources */ = {isa = PBXBuildFile; fileRef = 39B07E6914288A7100CBF1B8 /* FKMutableIntArray.m */; };
		39B07E6B14288A7100CBF1B8 /* FKMutableIntArray.m in Sources */ = {isa = PBXBuildFile; fileRef = 39B07E6914288A7100CBF1B8 /* FKMutableIntArray.m */; };
		39C5905C14389169004C438C /* FKMutableIntArrayTests.m in Sources */ = {isa = PBXBuildFile; fileRef = 39C5905B14389169004C438C /* FKMutableIntArrayTests.m */; };
		39CC1E42142F61280017578F /* NSArray+FKConcise.m in Sources */ = {isa = PBXBuildFile; fileRef = 39CC1E38142F61280017578F /* NSArray+FKConcise.m */; };
		39CC1E43142F61280017578F /* NSArray+FKConcise.m in Sources */ = {isa = PBXBuildFile; fileRef = 39CC1E38142F61280017578F /* NSArray+FKConcise.m */; };
		39CC1E44142F61280017578F /* NSMutableArray+FKConcise.m in Sources */ = {isa = PBXBuildFile; fileRef = 39CC1E3B142F61280017578F /* NSMutableArray+FKConcise.m */; };
		39CC1E45142F61280017578F /* NSMutableArray+FKConcise.m in Sources */ = {isa = PBXBuildFile; fileRef = 39CC1E3B142F61280017578F /* NSMutableArray+FKConcise.m */; };
		39CC1E46142F61280017578F /* NSNumber+FKConcise.m in Sources */ = {isa = PBXBuildFile; fileRef = 39CC1E3E142F61280017578F /* NSNumber+FKConcise.m */; };
		39CC1E47142F61280017578F /* NSNumber+FKConcise.m in Sources */ = {isa = PBXBuildFile; fileRef = 39CC1E3E142F61280017578F /* NSNumber+FKConcise.m */; };
		39CC1E59142FAA220017578F /* FKMutableFloatArrayTests.m in Sources */ = {isa = PBXBuildFile; fileRef = 39CC1E58142FAA220017578F /* FKMutableFloatArrayTests.m */; };
		39CFA6151422500600DC3E57 /* NSUserDefaults+FKAdditions.m in Sources */ = {isa = PBXBuildFile; fileRef = 39CFA6141422500500DC3E57 /* NSUserDefaults+FKAdditions.m */; };
		39DEEAD1143BC23200B81BB5 /* NSOperationQueue+FKBlocks.m in Sources */ = {isa = PBXBuildFile; fileRef = 39DEEAD0143BC23200B81BB5 /* NSOperationQueue+FKBlocks.m */; };
		39DEEAD2143BC23200B81BB5 /* NSOperationQueue+FKBlocks.m in Sources */ = {isa = PBXBuildFile; fileRef = 39DEEAD0143BC23200B81BB5 /* NSOperationQueue+FKBlocks.m */; };
		39DEEAD6143C8F3700B81BB5 /* FKOperationQueueFinishedTests.m in Sources */ = {isa = PBXBuildFile; fileRef = 39DEEAD5143C8F3700B81BB5 /* FKOperationQueueFinishedTests.m */; };
		39DEEAE0143CCDEC00B81BB5 /* FKMutableFloatArray.mm in Sources */ = {isa = PBXBuildFile; fileRef = 39DEEADF143CCD9C00B81BB5 /* FKMutableFloatArray.mm */; };
		39DEEB73143CEDB600B81BB5 /* CoreData.framework in Frameworks */ = {isa = PBXBuildFile; fileRef = 39DEEB72143CEDB500B81BB5 /* CoreData.framework */; };
		9B04E2E31431F0E600974B96 /* NSObject+FKObserver.m in Sources */ = {isa = PBXBuildFile; fileRef = 9B04E2E21431F0E600974B96 /* NSObject+FKObserver.m */; };
		9B04E2E41431F0E600974B96 /* NSObject+FKObserver.m in Sources */ = {isa = PBXBuildFile; fileRef = 9B04E2E21431F0E600974B96 /* NSObject+FKObserver.m */; };
		9B297218141BC81E006124A2 /* NSObject+FKPerform.m in Sources */ = {isa = PBXBuildFile; fileRef = 9B297217141BC81C006124A2 /* NSObject+FKPerform.m */; };
		9B2B4F3A14EFB6D400279BAA /* FKDeallocBlock.m in Sources */ = {isa = PBXBuildFile; fileRef = 9B2B4F3914EFB6D400279BAA /* FKDeallocBlock.m */; };
		9B2B4F3B14EFB6D400279BAA /* FKDeallocBlock.m in Sources */ = {isa = PBXBuildFile; fileRef = 9B2B4F3914EFB6D400279BAA /* FKDeallocBlock.m */; };
		9B2B4F3F14EFB81300279BAA /* NSObject+FKDeallocBlock.m in Sources */ = {isa = PBXBuildFile; fileRef = 9B2B4F3E14EFB81300279BAA /* NSObject+FKDeallocBlock.m */; };
		9B2B4F4014EFB81300279BAA /* NSObject+FKDeallocBlock.m in Sources */ = {isa = PBXBuildFile; fileRef = 9B2B4F3E14EFB81300279BAA /* NSObject+FKDeallocBlock.m */; };
		9B4623B215DC50A70061325D /* NSMutableArray+FKReorder.m in Sources */ = {isa = PBXBuildFile; fileRef = 9B82D42D1557289300D01584 /* NSMutableArray+FKReorder.m */; };
		9B482791145DCD3F00C735DD /* NSMutableString+FKAdditions.m in Sources */ = {isa = PBXBuildFile; fileRef = 9B482790145DCD3E00C735DD /* NSMutableString+FKAdditions.m */; };
		9B482792145DCD3F00C735DD /* NSMutableString+FKAdditions.m in Sources */ = {isa = PBXBuildFile; fileRef = 9B482790145DCD3E00C735DD /* NSMutableString+FKAdditions.m */; };
		9B4827BD145DDB9E00C735DD /* NSNotificationCenter+FKMainThread.m in Sources */ = {isa = PBXBuildFile; fileRef = 9B4827BC145DDB9D00C735DD /* NSNotificationCenter+FKMainThread.m */; };
		9B4827BE145DDB9E00C735DD /* NSNotificationCenter+FKMainThread.m in Sources */ = {isa = PBXBuildFile; fileRef = 9B4827BC145DDB9D00C735DD /* NSNotificationCenter+FKMainThread.m */; };
		9B4827C9145DE87C00C735DD /* NSString+FKXML.m in Sources */ = {isa = PBXBuildFile; fileRef = 9B4827C8145DE87A00C735DD /* NSString+FKXML.m */; };
		9B4827CA145DE87C00C735DD /* NSString+FKXML.m in Sources */ = {isa = PBXBuildFile; fileRef = 9B4827C8145DE87A00C735DD /* NSString+FKXML.m */; };
		9B4D3DCA1767813300AEFC0F /* NSMutableAttributedString+FKAdditions.m in Sources */ = {isa = PBXBuildFile; fileRef = 9B4D3DC91767813300AEFC0F /* NSMutableAttributedString+FKAdditions.m */; };
		9B4D3DCB1767821200AEFC0F /* NSMutableAttributedString+FKAdditions.m in Sources */ = {isa = PBXBuildFile; fileRef = 9B4D3DC91767813300AEFC0F /* NSMutableAttributedString+FKAdditions.m */; };
		9B54E82714269E6500336F08 /* NSObject+FKReflection.m in Sources */ = {isa = PBXBuildFile; fileRef = 9B54E82614269E6400336F08 /* NSObject+FKReflection.m */; };
		9B54E82814269E6500336F08 /* NSObject+FKReflection.m in Sources */ = {isa = PBXBuildFile; fileRef = 9B54E82614269E6400336F08 /* NSObject+FKReflection.m */; };
		9B564BFA14CD85B900A6B404 /* FKPaths.m in Sources */ = {isa = PBXBuildFile; fileRef = 9B564BF914CD85B900A6B404 /* FKPaths.m */; };
		9B564BFB14CD85B900A6B404 /* FKPaths.m in Sources */ = {isa = PBXBuildFile; fileRef = 9B564BF914CD85B900A6B404 /* FKPaths.m */; };
		9B564BFC14CD85B900A6B404 /* FKPaths.m in Sources */ = {isa = PBXBuildFile; fileRef = 9B564BF914CD85B900A6B404 /* FKPaths.m */; };
		9B7638981683235F007C0C81 /* NSURL+FKQueryParameters.m in Sources */ = {isa = PBXBuildFile; fileRef = 9B7638971683235F007C0C81 /* NSURL+FKQueryParameters.m */; };
		9B76389A16833586007C0C81 /* NSURL+FKQueryParameters.m in Sources */ = {isa = PBXBuildFile; fileRef = 9B7638971683235F007C0C81 /* NSURL+FKQueryParameters.m */; };
		9B7638A01683374A007C0C81 /* NSURLAdditionsTests.m in Sources */ = {isa = PBXBuildFile; fileRef = 9B76389F1683374A007C0C81 /* NSURLAdditionsTests.m */; };
		9B7638E416835190007C0C81 /* NSArray+FKDiff.m in Sources */ = {isa = PBXBuildFile; fileRef = 9B7638E316835190007C0C81 /* NSArray+FKDiff.m */; };
		9B7638E516835190007C0C81 /* NSArray+FKDiff.m in Sources */ = {isa = PBXBuildFile; fileRef = 9B7638E316835190007C0C81 /* NSArray+FKDiff.m */; };
		9B82D42E1557289300D01584 /* NSMutableArray+FKReorder.m in Sources */ = {isa = PBXBuildFile; fileRef = 9B82D42D1557289300D01584 /* NSMutableArray+FKReorder.m */; };
		9B9DCA9F143F8676003D467B /* NSString+FKLevenshtein.m in Sources */ = {isa = PBXBuildFile; fileRef = 9B9DCA9E143F8676003D467B /* NSString+FKLevenshtein.m */; };
		9B9DCAA0143F8676003D467B /* NSString+FKLevenshtein.m in Sources */ = {isa = PBXBuildFile; fileRef = 9B9DCA9E143F8676003D467B /* NSString+FKLevenshtein.m */; };
		C582BF8C13C8B77C0012DF67 /* FKLog.m in Sources */ = {isa = PBXBuildFile; fileRef = C582BF8A13C8B77C0012DF67 /* FKLog.m */; };
		C5AAAA7613C9A32A00E44CE7 /* NSStringAdditionsTests.m in Sources */ = {isa = PBXBuildFile; fileRef = C5AAAA7313C9A31A00E44CE7 /* NSStringAdditionsTests.m */; };
		C5AAAA7913C9A33F00E44CE7 /* NSString+FKAdditions.m in Sources */ = {isa = PBXBuildFile; fileRef = C5AAAA7813C9A33F00E44CE7 /* NSString+FKAdditions.m */; };
		C5AAAA7A13C9A37A00E44CE7 /* libFoundationKitMac.a in Frameworks */ = {isa = PBXBuildFile; fileRef = DC410CFF13C39BFD00C90C19 /* libFoundationKitMac.a */; };
		C5C18E7C13C8C64C00DD0872 /* SenTestingKit.framework in Frameworks */ = {isa = PBXBuildFile; fileRef = C5C18E7B13C8C64C00DD0872 /* SenTestingKit.framework */; };
		C5C18E9713C8C72D00DD0872 /* Foundation.framework in Frameworks */ = {isa = PBXBuildFile; fileRef = DC410D0213C39BFD00C90C19 /* Foundation.framework */; };
		C5C18EC213C8CE9800DD0872 /* FKLogTests.m in Sources */ = {isa = PBXBuildFile; fileRef = C5C18EBC13C8CCDF00DD0872 /* FKLogTests.m */; };
		C5E319D413C4744800D9CA76 /* NSData+FKCrypto.m in Sources */ = {isa = PBXBuildFile; fileRef = C5E319D213C4744800D9CA76 /* NSData+FKCrypto.m */; };
		C5EF038913C98ECE00953F2B /* FKSynthesizeSingletonTests.m in Sources */ = {isa = PBXBuildFile; fileRef = C5EF038613C98EC100953F2B /* FKSynthesizeSingletonTests.m */; };
		DC410D0313C39BFD00C90C19 /* Foundation.framework in Frameworks */ = {isa = PBXBuildFile; fileRef = DC410D0213C39BFD00C90C19 /* Foundation.framework */; };
		DCB0127213C4AE9400AB692F /* NSError+FKAdditions.m in Sources */ = {isa = PBXBuildFile; fileRef = DCB0127013C4AE9400AB692F /* NSError+FKAdditions.m */; };
		DCF68FBF13C74ADB0057517A /* NSObject+FKSwizzle.m in Sources */ = {isa = PBXBuildFile; fileRef = DCF68FBD13C74ADB0057517A /* NSObject+FKSwizzle.m */; };
/* End PBXBuildFile section */

/* Begin PBXContainerItemProxy section */
		C5C18E9213C8C65100DD0872 /* PBXContainerItemProxy */ = {
			isa = PBXContainerItemProxy;
			containerPortal = DC410CF613C39BFD00C90C19 /* Project object */;
			proxyType = 1;
			remoteGlobalIDString = DC410CFE13C39BFD00C90C19;
			remoteInfo = FoundationKit;
		};
/* End PBXContainerItemProxy section */

/* Begin PBXFileReference section */
		392D3C75142FEE65003AFB81 /* FKPaths.h */ = {isa = PBXFileReference; fileEncoding = 4; lastKnownFileType = sourcecode.c.h; path = FKPaths.h; sourceTree = "<group>"; };
		392D3C76142FF302003AFB81 /* FKPathsTests.h */ = {isa = PBXFileReference; fileEncoding = 4; lastKnownFileType = sourcecode.c.h; path = FKPathsTests.h; sourceTree = "<group>"; };
		392D3C77142FF303003AFB81 /* FKPathsTests.m */ = {isa = PBXFileReference; fileEncoding = 4; lastKnownFileType = sourcecode.c.objc; path = FKPathsTests.m; sourceTree = "<group>"; };
		393A29BC142361950056CB37 /* libFoundationKitiOS.a */ = {isa = PBXFileReference; explicitFileType = archive.ar; includeInIndex = 0; path = libFoundationKitiOS.a; sourceTree = BUILT_PRODUCTS_DIR; };
		393A29BD142361AD0056CB37 /* CoreGraphics.framework */ = {isa = PBXFileReference; lastKnownFileType = wrapper.framework; name = CoreGraphics.framework; path = Platforms/iPhoneOS.platform/Developer/SDKs/iPhoneOS5.0.sdk/System/Library/Frameworks/CoreGraphics.framework; sourceTree = DEVELOPER_DIR; };
		393A29BF1423631C0056CB37 /* UIKit.framework */ = {isa = PBXFileReference; lastKnownFileType = wrapper.framework; name = UIKit.framework; path = Platforms/iPhoneOS.platform/Developer/SDKs/iPhoneOS5.0.sdk/System/Library/Frameworks/UIKit.framework; sourceTree = DEVELOPER_DIR; };
		399F4CD213C905C70008CC0E /* NSObject+FKAssociatedObjects.h */ = {isa = PBXFileReference; fileEncoding = 4; lastKnownFileType = sourcecode.c.h; path = "NSObject+FKAssociatedObjects.h"; sourceTree = "<group>"; };
		399F4CD313C905C70008CC0E /* NSObject+FKAssociatedObjects.m */ = {isa = PBXFileReference; fileEncoding = 4; lastKnownFileType = sourcecode.c.objc; path = "NSObject+FKAssociatedObjects.m"; sourceTree = "<group>"; };
		399F4CD913C90B210008CC0E /* FKSynthesizeSingleton.h */ = {isa = PBXFileReference; fileEncoding = 4; lastKnownFileType = sourcecode.c.h; path = FKSynthesizeSingleton.h; sourceTree = "<group>"; };
		39AA0FAE14291E8500C6956C /* NSDate+FKAdditions.h */ = {isa = PBXFileReference; fileEncoding = 4; lastKnownFileType = sourcecode.c.h; path = "NSDate+FKAdditions.h"; sourceTree = "<group>"; };
		39AA0FAF14291E8500C6956C /* NSDate+FKAdditions.m */ = {isa = PBXFileReference; fileEncoding = 4; lastKnownFileType = sourcecode.c.objc; path = "NSDate+FKAdditions.m"; sourceTree = "<group>"; };
		39B07E6814288A7100CBF1B8 /* FKMutableIntArray.h */ = {isa = PBXFileReference; fileEncoding = 4; lastKnownFileType = sourcecode.c.h; path = FKMutableIntArray.h; sourceTree = "<group>"; };
		39B07E6914288A7100CBF1B8 /* FKMutableIntArray.m */ = {isa = PBXFileReference; fileEncoding = 4; lastKnownFileType = sourcecode.c.objc; path = FKMutableIntArray.m; sourceTree = "<group>"; };
		39C5905A14389169004C438C /* FKMutableIntArrayTests.h */ = {isa = PBXFileReference; fileEncoding = 4; lastKnownFileType = sourcecode.c.h; path = FKMutableIntArrayTests.h; sourceTree = "<group>"; };
		39C5905B14389169004C438C /* FKMutableIntArrayTests.m */ = {isa = PBXFileReference; fileEncoding = 4; lastKnownFileType = sourcecode.c.objc; path = FKMutableIntArrayTests.m; sourceTree = "<group>"; };
		39CC1E11142F56700017578F /* FKAssert.h */ = {isa = PBXFileReference; fileEncoding = 4; lastKnownFileType = sourcecode.c.h; path = FKAssert.h; sourceTree = "<group>"; };
		39CC1E20142F5F070017578F /* FKInternal.h */ = {isa = PBXFileReference; fileEncoding = 4; lastKnownFileType = sourcecode.c.h; name = FKInternal.h; path = Sources/FKInternal.h; sourceTree = "<group>"; };
		39CC1E36142F61280017578F /* FKShorthands.h */ = {isa = PBXFileReference; fileEncoding = 4; lastKnownFileType = sourcecode.c.h; name = FKShorthands.h; path = Shorthands/FKShorthands.h; sourceTree = "<group>"; };
		39CC1E37142F61280017578F /* NSArray+FKConcise.h */ = {isa = PBXFileReference; fileEncoding = 4; lastKnownFileType = sourcecode.c.h; name = "NSArray+FKConcise.h"; path = "Shorthands/NSArray+FKConcise.h"; sourceTree = "<group>"; };
		39CC1E38142F61280017578F /* NSArray+FKConcise.m */ = {isa = PBXFileReference; fileEncoding = 4; lastKnownFileType = sourcecode.c.objc; name = "NSArray+FKConcise.m"; path = "Shorthands/NSArray+FKConcise.m"; sourceTree = "<group>"; };
		39CC1E3A142F61280017578F /* NSMutableArray+FKConcise.h */ = {isa = PBXFileReference; fileEncoding = 4; lastKnownFileType = sourcecode.c.h; name = "NSMutableArray+FKConcise.h"; path = "Shorthands/NSMutableArray+FKConcise.h"; sourceTree = "<group>"; };
		39CC1E3B142F61280017578F /* NSMutableArray+FKConcise.m */ = {isa = PBXFileReference; fileEncoding = 4; lastKnownFileType = sourcecode.c.objc; name = "NSMutableArray+FKConcise.m"; path = "Shorthands/NSMutableArray+FKConcise.m"; sourceTree = "<group>"; };
		39CC1E3D142F61280017578F /* NSNumber+FKConcise.h */ = {isa = PBXFileReference; fileEncoding = 4; lastKnownFileType = sourcecode.c.h; name = "NSNumber+FKConcise.h"; path = "Shorthands/NSNumber+FKConcise.h"; sourceTree = "<group>"; };
		39CC1E3E142F61280017578F /* NSNumber+FKConcise.m */ = {isa = PBXFileReference; fileEncoding = 4; lastKnownFileType = sourcecode.c.objc; name = "NSNumber+FKConcise.m"; path = "Shorthands/NSNumber+FKConcise.m"; sourceTree = "<group>"; };
		39CC1E48142F61D00017578F /* Styleguide.md */ = {isa = PBXFileReference; fileEncoding = 4; lastKnownFileType = text; path = Styleguide.md; sourceTree = "<group>"; };
		39CC1E57142FAA220017578F /* FKMutableFloatArrayTests.h */ = {isa = PBXFileReference; fileEncoding = 4; lastKnownFileType = sourcecode.c.h; path = FKMutableFloatArrayTests.h; sourceTree = "<group>"; };
		39CC1E58142FAA220017578F /* FKMutableFloatArrayTests.m */ = {isa = PBXFileReference; fileEncoding = 4; lastKnownFileType = sourcecode.c.objc; path = FKMutableFloatArrayTests.m; sourceTree = "<group>"; };
		39CFA6131422500400DC3E57 /* NSUserDefaults+FKAdditions.h */ = {isa = PBXFileReference; fileEncoding = 4; lastKnownFileType = sourcecode.c.h; path = "NSUserDefaults+FKAdditions.h"; sourceTree = "<group>"; };
		39CFA6141422500500DC3E57 /* NSUserDefaults+FKAdditions.m */ = {isa = PBXFileReference; fileEncoding = 4; lastKnownFileType = sourcecode.c.objc; path = "NSUserDefaults+FKAdditions.m"; sourceTree = "<group>"; };
		39DEEACF143BC23200B81BB5 /* NSOperationQueue+FKBlocks.h */ = {isa = PBXFileReference; fileEncoding = 4; lastKnownFileType = sourcecode.c.h; name = "NSOperationQueue+FKBlocks.h"; path = "Blocks/NSOperationQueue+FKBlocks.h"; sourceTree = "<group>"; };
		39DEEAD0143BC23200B81BB5 /* NSOperationQueue+FKBlocks.m */ = {isa = PBXFileReference; fileEncoding = 4; lastKnownFileType = sourcecode.c.objc; name = "NSOperationQueue+FKBlocks.m"; path = "Blocks/NSOperationQueue+FKBlocks.m"; sourceTree = "<group>"; };
		39DEEAD4143C8F3700B81BB5 /* FKOperationQueueFinishedTests.h */ = {isa = PBXFileReference; fileEncoding = 4; lastKnownFileType = sourcecode.c.h; path = FKOperationQueueFinishedTests.h; sourceTree = "<group>"; };
		39DEEAD5143C8F3700B81BB5 /* FKOperationQueueFinishedTests.m */ = {isa = PBXFileReference; fileEncoding = 4; lastKnownFileType = sourcecode.c.objc; path = FKOperationQueueFinishedTests.m; sourceTree = "<group>"; };
		39DEEAD9143CCCFA00B81BB5 /* FKAudioRecorder.h */ = {isa = PBXFileReference; fileEncoding = 4; lastKnownFileType = sourcecode.c.h; path = FKAudioRecorder.h; sourceTree = "<group>"; };
		39DEEADA143CCCFA00B81BB5 /* FKAudioRecorder.m */ = {isa = PBXFileReference; fileEncoding = 4; lastKnownFileType = sourcecode.c.objc; path = FKAudioRecorder.m; sourceTree = "<group>"; };
		39DEEADE143CCD9C00B81BB5 /* FKMutableFloatArray.h */ = {isa = PBXFileReference; lastKnownFileType = sourcecode.c.h; path = FKMutableFloatArray.h; sourceTree = "<group>"; };
		39DEEADF143CCD9C00B81BB5 /* FKMutableFloatArray.mm */ = {isa = PBXFileReference; lastKnownFileType = sourcecode.cpp.objcpp; path = FKMutableFloatArray.mm; sourceTree = "<group>"; };
		39DEEB72143CEDB500B81BB5 /* CoreData.framework */ = {isa = PBXFileReference; lastKnownFileType = wrapper.framework; name = CoreData.framework; path = /System/Library/Frameworks/CoreData.framework; sourceTree = "<absolute>"; };
		39DF5D791424B78600090805 /* FKDispatch.h */ = {isa = PBXFileReference; fileEncoding = 4; lastKnownFileType = sourcecode.c.h; path = FKDispatch.h; sourceTree = "<group>"; };
		39EA898A13C98C6C00B6427F /* FKMath.h */ = {isa = PBXFileReference; fileEncoding = 4; lastKnownFileType = sourcecode.c.h; path = FKMath.h; sourceTree = "<group>"; };
		78AC24FC13D38A8F00820A31 /* README.md */ = {isa = PBXFileReference; fileEncoding = 4; lastKnownFileType = text; path = README.md; sourceTree = "<group>"; };
		9B04E2E11431F0E600974B96 /* NSObject+FKObserver.h */ = {isa = PBXFileReference; fileEncoding = 4; lastKnownFileType = sourcecode.c.h; path = "NSObject+FKObserver.h"; sourceTree = "<group>"; };
		9B04E2E21431F0E600974B96 /* NSObject+FKObserver.m */ = {isa = PBXFileReference; fileEncoding = 4; lastKnownFileType = sourcecode.c.objc; path = "NSObject+FKObserver.m"; sourceTree = "<group>"; };
		9B297216141BC81A006124A2 /* NSObject+FKPerform.h */ = {isa = PBXFileReference; fileEncoding = 4; lastKnownFileType = sourcecode.c.h; path = "NSObject+FKPerform.h"; sourceTree = "<group>"; };
		9B297217141BC81C006124A2 /* NSObject+FKPerform.m */ = {isa = PBXFileReference; fileEncoding = 4; lastKnownFileType = sourcecode.c.objc; path = "NSObject+FKPerform.m"; sourceTree = "<group>"; };
		9B2B4F3814EFB6D400279BAA /* FKDeallocBlock.h */ = {isa = PBXFileReference; fileEncoding = 4; lastKnownFileType = sourcecode.c.h; path = FKDeallocBlock.h; sourceTree = "<group>"; };
		9B2B4F3914EFB6D400279BAA /* FKDeallocBlock.m */ = {isa = PBXFileReference; fileEncoding = 4; lastKnownFileType = sourcecode.c.objc; path = FKDeallocBlock.m; sourceTree = "<group>"; };
		9B2B4F3D14EFB81300279BAA /* NSObject+FKDeallocBlock.h */ = {isa = PBXFileReference; fileEncoding = 4; lastKnownFileType = sourcecode.c.h; path = "NSObject+FKDeallocBlock.h"; sourceTree = "<group>"; };
		9B2B4F3E14EFB81300279BAA /* NSObject+FKDeallocBlock.m */ = {isa = PBXFileReference; fileEncoding = 4; lastKnownFileType = sourcecode.c.objc; path = "NSObject+FKDeallocBlock.m"; sourceTree = "<group>"; };
		9B48278F145DCD3E00C735DD /* NSMutableString+FKAdditions.h */ = {isa = PBXFileReference; fileEncoding = 4; lastKnownFileType = sourcecode.c.h; path = "NSMutableString+FKAdditions.h"; sourceTree = "<group>"; };
		9B482790145DCD3E00C735DD /* NSMutableString+FKAdditions.m */ = {isa = PBXFileReference; fileEncoding = 4; lastKnownFileType = sourcecode.c.objc; path = "NSMutableString+FKAdditions.m"; sourceTree = "<group>"; };
		9B4827BB145DDB9C00C735DD /* NSNotificationCenter+FKMainThread.h */ = {isa = PBXFileReference; fileEncoding = 4; lastKnownFileType = sourcecode.c.h; path = "NSNotificationCenter+FKMainThread.h"; sourceTree = "<group>"; };
		9B4827BC145DDB9D00C735DD /* NSNotificationCenter+FKMainThread.m */ = {isa = PBXFileReference; fileEncoding = 4; lastKnownFileType = sourcecode.c.objc; path = "NSNotificationCenter+FKMainThread.m"; sourceTree = "<group>"; };
		9B4827C7145DE87900C735DD /* NSString+FKXML.h */ = {isa = PBXFileReference; fileEncoding = 4; lastKnownFileType = sourcecode.c.h; path = "NSString+FKXML.h"; sourceTree = "<group>"; };
		9B4827C8145DE87A00C735DD /* NSString+FKXML.m */ = {isa = PBXFileReference; fileEncoding = 4; lastKnownFileType = sourcecode.c.objc; path = "NSString+FKXML.m"; sourceTree = "<group>"; };
		9B4D3DC81767813300AEFC0F /* NSMutableAttributedString+FKAdditions.h */ = {isa = PBXFileReference; fileEncoding = 4; lastKnownFileType = sourcecode.c.h; path = "NSMutableAttributedString+FKAdditions.h"; sourceTree = "<group>"; };
		9B4D3DC91767813300AEFC0F /* NSMutableAttributedString+FKAdditions.m */ = {isa = PBXFileReference; fileEncoding = 4; lastKnownFileType = sourcecode.c.objc; path = "NSMutableAttributedString+FKAdditions.m"; sourceTree = "<group>"; };
		9B54E82514269E6400336F08 /* NSObject+FKReflection.h */ = {isa = PBXFileReference; fileEncoding = 4; lastKnownFileType = sourcecode.c.h; path = "NSObject+FKReflection.h"; sourceTree = "<group>"; };
		9B54E82614269E6400336F08 /* NSObject+FKReflection.m */ = {isa = PBXFileReference; fileEncoding = 4; lastKnownFileType = sourcecode.c.objc; path = "NSObject+FKReflection.m"; sourceTree = "<group>"; };
		9B564BF914CD85B900A6B404 /* FKPaths.m */ = {isa = PBXFileReference; fileEncoding = 4; lastKnownFileType = sourcecode.c.objc; path = FKPaths.m; sourceTree = "<group>"; };
		9B73C6FE150E09BA00A4069A /* FKHTTPStatusCodes.h */ = {isa = PBXFileReference; lastKnownFileType = sourcecode.c.h; path = FKHTTPStatusCodes.h; sourceTree = "<group>"; };
		9B7638961683235F007C0C81 /* NSURL+FKQueryParameters.h */ = {isa = PBXFileReference; fileEncoding = 4; lastKnownFileType = sourcecode.c.h; path = "NSURL+FKQueryParameters.h"; sourceTree = "<group>"; };
		9B7638971683235F007C0C81 /* NSURL+FKQueryParameters.m */ = {isa = PBXFileReference; fileEncoding = 4; lastKnownFileType = sourcecode.c.objc; path = "NSURL+FKQueryParameters.m"; sourceTree = "<group>"; };
		9B76389E1683374A007C0C81 /* NSURLAdditionsTests.h */ = {isa = PBXFileReference; fileEncoding = 4; lastKnownFileType = sourcecode.c.h; path = NSURLAdditionsTests.h; sourceTree = "<group>"; };
		9B76389F1683374A007C0C81 /* NSURLAdditionsTests.m */ = {isa = PBXFileReference; fileEncoding = 4; lastKnownFileType = sourcecode.c.objc; path = NSURLAdditionsTests.m; sourceTree = "<group>"; };
		9B7638E216835190007C0C81 /* NSArray+FKDiff.h */ = {isa = PBXFileReference; fileEncoding = 4; lastKnownFileType = sourcecode.c.h; path = "NSArray+FKDiff.h"; sourceTree = "<group>"; };
		9B7638E316835190007C0C81 /* NSArray+FKDiff.m */ = {isa = PBXFileReference; fileEncoding = 4; lastKnownFileType = sourcecode.c.objc; path = "NSArray+FKDiff.m"; sourceTree = "<group>"; };
		9B82D42C1557289300D01584 /* NSMutableArray+FKReorder.h */ = {isa = PBXFileReference; fileEncoding = 4; lastKnownFileType = sourcecode.c.h; path = "NSMutableArray+FKReorder.h"; sourceTree = "<group>"; };
		9B82D42D1557289300D01584 /* NSMutableArray+FKReorder.m */ = {isa = PBXFileReference; fileEncoding = 4; lastKnownFileType = sourcecode.c.objc; path = "NSMutableArray+FKReorder.m"; sourceTree = "<group>"; };
		9B9DCA9D143F8676003D467B /* NSString+FKLevenshtein.h */ = {isa = PBXFileReference; fileEncoding = 4; lastKnownFileType = sourcecode.c.h; path = "NSString+FKLevenshtein.h"; sourceTree = "<group>"; };
		9B9DCA9E143F8676003D467B /* NSString+FKLevenshtein.m */ = {isa = PBXFileReference; fileEncoding = 4; lastKnownFileType = sourcecode.c.objc; path = "NSString+FKLevenshtein.m"; sourceTree = "<group>"; };
		C582BF8913C8B77C0012DF67 /* FKLog.h */ = {isa = PBXFileReference; fileEncoding = 4; lastKnownFileType = sourcecode.c.h; path = FKLog.h; sourceTree = "<group>"; };
		C582BF8A13C8B77C0012DF67 /* FKLog.m */ = {isa = PBXFileReference; fileEncoding = 4; lastKnownFileType = sourcecode.c.objc; path = FKLog.m; sourceTree = "<group>"; };
		C5AAAA7213C9A31A00E44CE7 /* NSStringAdditionsTests.h */ = {isa = PBXFileReference; fileEncoding = 4; lastKnownFileType = sourcecode.c.h; path = NSStringAdditionsTests.h; sourceTree = "<group>"; };
		C5AAAA7313C9A31A00E44CE7 /* NSStringAdditionsTests.m */ = {isa = PBXFileReference; fileEncoding = 4; lastKnownFileType = sourcecode.c.objc; name = NSStringAdditionsTests.m; path = Tests/NSStringAdditionsTests.m; sourceTree = SOURCE_ROOT; };
		C5AAAA7713C9A33F00E44CE7 /* NSString+FKAdditions.h */ = {isa = PBXFileReference; fileEncoding = 4; lastKnownFileType = sourcecode.c.h; path = "NSString+FKAdditions.h"; sourceTree = "<group>"; };
		C5AAAA7813C9A33F00E44CE7 /* NSString+FKAdditions.m */ = {isa = PBXFileReference; fileEncoding = 4; lastKnownFileType = sourcecode.c.objc; path = "NSString+FKAdditions.m"; sourceTree = "<group>"; };
		C5C18E7A13C8C64C00DD0872 /* Tests.octest */ = {isa = PBXFileReference; explicitFileType = wrapper.cfbundle; includeInIndex = 0; path = Tests.octest; sourceTree = BUILT_PRODUCTS_DIR; };
		C5C18E7B13C8C64C00DD0872 /* SenTestingKit.framework */ = {isa = PBXFileReference; lastKnownFileType = wrapper.framework; name = SenTestingKit.framework; path = Library/Frameworks/SenTestingKit.framework; sourceTree = DEVELOPER_DIR; };
		C5C18E8D13C8C64C00DD0872 /* Tests-Prefix.pch */ = {isa = PBXFileReference; lastKnownFileType = sourcecode.c.h; path = "Tests-Prefix.pch"; sourceTree = "<group>"; };
		C5C18EBB13C8CCDF00DD0872 /* FKLogTests.h */ = {isa = PBXFileReference; fileEncoding = 4; lastKnownFileType = sourcecode.c.h; path = FKLogTests.h; sourceTree = "<group>"; };
		C5C18EBC13C8CCDF00DD0872 /* FKLogTests.m */ = {isa = PBXFileReference; fileEncoding = 4; lastKnownFileType = sourcecode.c.objc; path = FKLogTests.m; sourceTree = "<group>"; };
		C5C18EBD13C8CCDF00DD0872 /* Tests-Info.plist */ = {isa = PBXFileReference; fileEncoding = 4; lastKnownFileType = text.plist.xml; path = "Tests-Info.plist"; sourceTree = "<group>"; };
		C5E319D113C4744800D9CA76 /* NSData+FKCrypto.h */ = {isa = PBXFileReference; fileEncoding = 4; lastKnownFileType = sourcecode.c.h; path = "NSData+FKCrypto.h"; sourceTree = "<group>"; };
		C5E319D213C4744800D9CA76 /* NSData+FKCrypto.m */ = {isa = PBXFileReference; fileEncoding = 4; lastKnownFileType = sourcecode.c.objc; path = "NSData+FKCrypto.m"; sourceTree = "<group>"; };
		C5E319D513C474E800D9CA76 /* Prefix.pch */ = {isa = PBXFileReference; fileEncoding = 4; lastKnownFileType = sourcecode.c.h; path = Prefix.pch; sourceTree = "<group>"; };
		C5E319D713C474FE00D9CA76 /* FoundationKit.h */ = {isa = PBXFileReference; fileEncoding = 4; indentWidth = 2; lastKnownFileType = sourcecode.c.h; path = FoundationKit.h; sourceTree = "<group>"; tabWidth = 2; };
		C5EF038513C98EC100953F2B /* FKSynthesizeSingletonTests.h */ = {isa = PBXFileReference; fileEncoding = 4; lastKnownFileType = sourcecode.c.h; path = FKSynthesizeSingletonTests.h; sourceTree = "<group>"; };
		C5EF038613C98EC100953F2B /* FKSynthesizeSingletonTests.m */ = {isa = PBXFileReference; fileEncoding = 4; lastKnownFileType = sourcecode.c.objc; path = FKSynthesizeSingletonTests.m; sourceTree = "<group>"; };
		DC410CFF13C39BFD00C90C19 /* libFoundationKitMac.a */ = {isa = PBXFileReference; explicitFileType = archive.ar; includeInIndex = 0; path = libFoundationKitMac.a; sourceTree = BUILT_PRODUCTS_DIR; };
		DC410D0213C39BFD00C90C19 /* Foundation.framework */ = {isa = PBXFileReference; lastKnownFileType = wrapper.framework; name = Foundation.framework; path = System/Library/Frameworks/Foundation.framework; sourceTree = SDKROOT; };
		DCB0126F13C4AE9400AB692F /* NSError+FKAdditions.h */ = {isa = PBXFileReference; fileEncoding = 4; lastKnownFileType = sourcecode.c.h; path = "NSError+FKAdditions.h"; sourceTree = "<group>"; };
		DCB0127013C4AE9400AB692F /* NSError+FKAdditions.m */ = {isa = PBXFileReference; fileEncoding = 4; lastKnownFileType = sourcecode.c.objc; path = "NSError+FKAdditions.m"; sourceTree = "<group>"; };
		DCE05E8E1436479000737130 /* FKBenchmark.h */ = {isa = PBXFileReference; fileEncoding = 4; lastKnownFileType = sourcecode.c.h; path = FKBenchmark.h; sourceTree = "<group>"; };
		DCF68FBC13C74ADB0057517A /* NSObject+FKSwizzle.h */ = {isa = PBXFileReference; fileEncoding = 4; lastKnownFileType = sourcecode.c.h; path = "NSObject+FKSwizzle.h"; sourceTree = "<group>"; };
		DCF68FBD13C74ADB0057517A /* NSObject+FKSwizzle.m */ = {isa = PBXFileReference; fileEncoding = 4; lastKnownFileType = sourcecode.c.objc; path = "NSObject+FKSwizzle.m"; sourceTree = "<group>"; };
/* End PBXFileReference section */

/* Begin PBXFrameworksBuildPhase section */
		393A29B7142361950056CB37 /* Frameworks */ = {
			isa = PBXFrameworksBuildPhase;
			buildActionMask = 2147483647;
			files = (
				393A29C01423631C0056CB37 /* UIKit.framework in Frameworks */,
				393A29BE142361AD0056CB37 /* CoreGraphics.framework in Frameworks */,
				393A29B8142361950056CB37 /* Foundation.framework in Frameworks */,
			);
			runOnlyForDeploymentPostprocessing = 0;
		};
		C5C18E7613C8C64C00DD0872 /* Frameworks */ = {
			isa = PBXFrameworksBuildPhase;
			buildActionMask = 2147483647;
			files = (
				39DEEB73143CEDB600B81BB5 /* CoreData.framework in Frameworks */,
				C5AAAA7A13C9A37A00E44CE7 /* libFoundationKitMac.a in Frameworks */,
				C5C18E9713C8C72D00DD0872 /* Foundation.framework in Frameworks */,
				C5C18E7C13C8C64C00DD0872 /* SenTestingKit.framework in Frameworks */,
			);
			runOnlyForDeploymentPostprocessing = 0;
		};
		DC410CFC13C39BFD00C90C19 /* Frameworks */ = {
			isa = PBXFrameworksBuildPhase;
			buildActionMask = 2147483647;
			files = (
				DC410D0313C39BFD00C90C19 /* Foundation.framework in Frameworks */,
			);
			runOnlyForDeploymentPostprocessing = 0;
		};
/* End PBXFrameworksBuildPhase section */

/* Begin PBXGroup section */
		39CC1E24142F600A0017578F /* Blocks */ = {
			isa = PBXGroup;
			children = (
				39DEEACF143BC23200B81BB5 /* NSOperationQueue+FKBlocks.h */,
				39DEEAD0143BC23200B81BB5 /* NSOperationQueue+FKBlocks.m */,
			);
			name = Blocks;
			sourceTree = "<group>";
		};
		39CC1E25142F60120017578F /* Shorthands */ = {
			isa = PBXGroup;
			children = (
				39CC1E36142F61280017578F /* FKShorthands.h */,
				39CC1E37142F61280017578F /* NSArray+FKConcise.h */,
				39CC1E38142F61280017578F /* NSArray+FKConcise.m */,
				39CC1E3A142F61280017578F /* NSMutableArray+FKConcise.h */,
				39CC1E3B142F61280017578F /* NSMutableArray+FKConcise.m */,
				39CC1E3D142F61280017578F /* NSNumber+FKConcise.h */,
				39CC1E3E142F61280017578F /* NSNumber+FKConcise.m */,
			);
			name = Shorthands;
			sourceTree = "<group>";
		};
		39DEEAD8143CCCFA00B81BB5 /* Audio */ = {
			isa = PBXGroup;
			children = (
				39DEEAD9143CCCFA00B81BB5 /* FKAudioRecorder.h */,
				39DEEADA143CCCFA00B81BB5 /* FKAudioRecorder.m */,
			);
			name = Audio;
			path = Optional/Audio;
			sourceTree = "<group>";
		};
		39DEEADD143CCD9C00B81BB5 /* C++ */ = {
			isa = PBXGroup;
			children = (
				39DEEADE143CCD9C00B81BB5 /* FKMutableFloatArray.h */,
				39DEEADF143CCD9C00B81BB5 /* FKMutableFloatArray.mm */,
			);
			name = "C++";
			path = "Optional/C++";
			sourceTree = "<group>";
		};
		39E85BCC1434FA6E008FC8D5 /* Optional */ = {
			isa = PBXGroup;
			children = (
				39DEEAD8143CCCFA00B81BB5 /* Audio */,
				39DEEADD143CCD9C00B81BB5 /* C++ */,
			);
			name = Optional;
			sourceTree = "<group>";
		};
		C5C18E8313C8C64C00DD0872 /* Tests */ = {
			isa = PBXGroup;
			children = (
				C5C18EBB13C8CCDF00DD0872 /* FKLogTests.h */,
				C5C18EBC13C8CCDF00DD0872 /* FKLogTests.m */,
				39CC1E57142FAA220017578F /* FKMutableFloatArrayTests.h */,
				39CC1E58142FAA220017578F /* FKMutableFloatArrayTests.m */,
				39C5905A14389169004C438C /* FKMutableIntArrayTests.h */,
				39C5905B14389169004C438C /* FKMutableIntArrayTests.m */,
				39DEEAD4143C8F3700B81BB5 /* FKOperationQueueFinishedTests.h */,
				39DEEAD5143C8F3700B81BB5 /* FKOperationQueueFinishedTests.m */,
				392D3C76142FF302003AFB81 /* FKPathsTests.h */,
				392D3C77142FF303003AFB81 /* FKPathsTests.m */,
				C5EF038513C98EC100953F2B /* FKSynthesizeSingletonTests.h */,
				C5EF038613C98EC100953F2B /* FKSynthesizeSingletonTests.m */,
				C5AAAA7213C9A31A00E44CE7 /* NSStringAdditionsTests.h */,
				C5AAAA7313C9A31A00E44CE7 /* NSStringAdditionsTests.m */,
				C5C18EBD13C8CCDF00DD0872 /* Tests-Info.plist */,
				C5C18E8D13C8C64C00DD0872 /* Tests-Prefix.pch */,
				9B76389E1683374A007C0C81 /* NSURLAdditionsTests.h */,
				9B76389F1683374A007C0C81 /* NSURLAdditionsTests.m */,
			);
			path = Tests;
			sourceTree = "<group>";
		};
		C5E319C913C473BD00D9CA76 /* Sources */ = {
			isa = PBXGroup;
			children = (
				C5E319D713C474FE00D9CA76 /* FoundationKit.h */,
				39CC1E24142F600A0017578F /* Blocks */,
				39E85BCC1434FA6E008FC8D5 /* Optional */,
				39CC1E25142F60120017578F /* Shorthands */,
				39CC1E11142F56700017578F /* FKAssert.h */,
				DCE05E8E1436479000737130 /* FKBenchmark.h */,
				9B2B4F3814EFB6D400279BAA /* FKDeallocBlock.h */,
				9B2B4F3914EFB6D400279BAA /* FKDeallocBlock.m */,
				39DF5D791424B78600090805 /* FKDispatch.h */,
				9B73C6FE150E09BA00A4069A /* FKHTTPStatusCodes.h */,
				C582BF8913C8B77C0012DF67 /* FKLog.h */,
				C582BF8A13C8B77C0012DF67 /* FKLog.m */,
				39EA898A13C98C6C00B6427F /* FKMath.h */,
				39B07E6814288A7100CBF1B8 /* FKMutableIntArray.h */,
				39B07E6914288A7100CBF1B8 /* FKMutableIntArray.m */,
				392D3C75142FEE65003AFB81 /* FKPaths.h */,
				9B564BF914CD85B900A6B404 /* FKPaths.m */,
				399F4CD913C90B210008CC0E /* FKSynthesizeSingleton.h */,
				9B7638E216835190007C0C81 /* NSArray+FKDiff.h */,
				9B7638E316835190007C0C81 /* NSArray+FKDiff.m */,
				C5E319D113C4744800D9CA76 /* NSData+FKCrypto.h */,
				C5E319D213C4744800D9CA76 /* NSData+FKCrypto.m */,
				39AA0FAE14291E8500C6956C /* NSDate+FKAdditions.h */,
				39AA0FAF14291E8500C6956C /* NSDate+FKAdditions.m */,
				DCB0126F13C4AE9400AB692F /* NSError+FKAdditions.h */,
				DCB0127013C4AE9400AB692F /* NSError+FKAdditions.m */,
				9B82D42C1557289300D01584 /* NSMutableArray+FKReorder.h */,
				9B82D42D1557289300D01584 /* NSMutableArray+FKReorder.m */,
				9B4D3DC81767813300AEFC0F /* NSMutableAttributedString+FKAdditions.h */,
				9B4D3DC91767813300AEFC0F /* NSMutableAttributedString+FKAdditions.m */,
				9B48278F145DCD3E00C735DD /* NSMutableString+FKAdditions.h */,
				9B482790145DCD3E00C735DD /* NSMutableString+FKAdditions.m */,
				9B4827BB145DDB9C00C735DD /* NSNotificationCenter+FKMainThread.h */,
				9B4827BC145DDB9D00C735DD /* NSNotificationCenter+FKMainThread.m */,
				399F4CD213C905C70008CC0E /* NSObject+FKAssociatedObjects.h */,
				399F4CD313C905C70008CC0E /* NSObject+FKAssociatedObjects.m */,
				9B2B4F3D14EFB81300279BAA /* NSObject+FKDeallocBlock.h */,
				9B2B4F3E14EFB81300279BAA /* NSObject+FKDeallocBlock.m */,
				9B04E2E11431F0E600974B96 /* NSObject+FKObserver.h */,
				9B04E2E21431F0E600974B96 /* NSObject+FKObserver.m */,
				9B297216141BC81A006124A2 /* NSObject+FKPerform.h */,
				9B297217141BC81C006124A2 /* NSObject+FKPerform.m */,
				9B54E82514269E6400336F08 /* NSObject+FKReflection.h */,
				9B54E82614269E6400336F08 /* NSObject+FKReflection.m */,
				DCF68FBC13C74ADB0057517A /* NSObject+FKSwizzle.h */,
				DCF68FBD13C74ADB0057517A /* NSObject+FKSwizzle.m */,
				C5AAAA7713C9A33F00E44CE7 /* NSString+FKAdditions.h */,
				C5AAAA7813C9A33F00E44CE7 /* NSString+FKAdditions.m */,
				9B9DCA9D143F8676003D467B /* NSString+FKLevenshtein.h */,
				9B9DCA9E143F8676003D467B /* NSString+FKLevenshtein.m */,
				9B4827C7145DE87900C735DD /* NSString+FKXML.h */,
				9B4827C8145DE87A00C735DD /* NSString+FKXML.m */,
				39CFA6131422500400DC3E57 /* NSUserDefaults+FKAdditions.h */,
				39CFA6141422500500DC3E57 /* NSUserDefaults+FKAdditions.m */,
				9B7638961683235F007C0C81 /* NSURL+FKQueryParameters.h */,
				9B7638971683235F007C0C81 /* NSURL+FKQueryParameters.m */,
			);
			path = Sources;
			sourceTree = "<group>";
		};
		C5E319CE13C473E800D9CA76 /* Supporting Files */ = {
			isa = PBXGroup;
			children = (
				78AC24FC13D38A8F00820A31 /* README.md */,
				39CC1E48142F61D00017578F /* Styleguide.md */,
				C5E319D513C474E800D9CA76 /* Prefix.pch */,
				39CC1E20142F5F070017578F /* FKInternal.h */,
			);
			name = "Supporting Files";
			sourceTree = "<group>";
		};
		DC410CF413C39BFD00C90C19 = {
			isa = PBXGroup;
			children = (
				C5E319C913C473BD00D9CA76 /* Sources */,
				C5E319CE13C473E800D9CA76 /* Supporting Files */,
				C5C18E8313C8C64C00DD0872 /* Tests */,
				DC410D0113C39BFD00C90C19 /* Frameworks */,
				DC410D0013C39BFD00C90C19 /* Products */,
			);
			indentWidth = 2;
			sourceTree = "<group>";
			tabWidth = 2;
		};
		DC410D0013C39BFD00C90C19 /* Products */ = {
			isa = PBXGroup;
			children = (
				DC410CFF13C39BFD00C90C19 /* libFoundationKitMac.a */,
				C5C18E7A13C8C64C00DD0872 /* Tests.octest */,
				393A29BC142361950056CB37 /* libFoundationKitiOS.a */,
			);
			name = Products;
			sourceTree = "<group>";
		};
		DC410D0113C39BFD00C90C19 /* Frameworks */ = {
			isa = PBXGroup;
			children = (
				39DEEB72143CEDB500B81BB5 /* CoreData.framework */,
				393A29BD142361AD0056CB37 /* CoreGraphics.framework */,
				DC410D0213C39BFD00C90C19 /* Foundation.framework */,
				C5C18E7B13C8C64C00DD0872 /* SenTestingKit.framework */,
				393A29BF1423631C0056CB37 /* UIKit.framework */,
			);
			name = Frameworks;
			sourceTree = "<group>";
		};
/* End PBXGroup section */

/* Begin PBXNativeTarget section */
		393A29A4142361950056CB37 /* FoundationKitiOS */ = {
			isa = PBXNativeTarget;
			buildConfigurationList = 393A29B9142361950056CB37 /* Build configuration list for PBXNativeTarget "FoundationKitiOS" */;
			buildPhases = (
				393A29A5142361950056CB37 /* Sources */,
				393A29B7142361950056CB37 /* Frameworks */,
			);
			buildRules = (
			);
			dependencies = (
			);
			name = FoundationKitiOS;
			productName = FoundationKit;
			productReference = 393A29BC142361950056CB37 /* libFoundationKitiOS.a */;
			productType = "com.apple.product-type.library.static";
		};
		C5C18E7913C8C64C00DD0872 /* Tests */ = {
			isa = PBXNativeTarget;
			buildConfigurationList = C5C18E9013C8C64C00DD0872 /* Build configuration list for PBXNativeTarget "Tests" */;
			buildPhases = (
				C5C18E7513C8C64C00DD0872 /* Sources */,
				C5C18E7613C8C64C00DD0872 /* Frameworks */,
				C5C18E7713C8C64C00DD0872 /* Resources */,
				C5C18E7813C8C64C00DD0872 /* ShellScript */,
			);
			buildRules = (
			);
			dependencies = (
				C5C18E9313C8C65100DD0872 /* PBXTargetDependency */,
			);
			name = Tests;
			productName = Tests;
			productReference = C5C18E7A13C8C64C00DD0872 /* Tests.octest */;
			productType = "com.apple.product-type.bundle";
		};
		DC410CFE13C39BFD00C90C19 /* FoundationKitMac */ = {
			isa = PBXNativeTarget;
			buildConfigurationList = DC410D0913C39BFD00C90C19 /* Build configuration list for PBXNativeTarget "FoundationKitMac" */;
			buildPhases = (
				DC410CFB13C39BFD00C90C19 /* Sources */,
				DC410CFC13C39BFD00C90C19 /* Frameworks */,
			);
			buildRules = (
			);
			dependencies = (
			);
			name = FoundationKitMac;
			productName = FoundationKit;
			productReference = DC410CFF13C39BFD00C90C19 /* libFoundationKitMac.a */;
			productType = "com.apple.product-type.library.static";
		};
/* End PBXNativeTarget section */

/* Begin PBXProject section */
		DC410CF613C39BFD00C90C19 /* Project object */ = {
			isa = PBXProject;
			attributes = {
				LastUpgradeCheck = 0500;
				ORGANIZATIONNAME = FoundationKit;
			};
			buildConfigurationList = DC410CF913C39BFD00C90C19 /* Build configuration list for PBXProject "FoundationKit" */;
			compatibilityVersion = "Xcode 3.2";
			developmentRegion = English;
			hasScannedForEncodings = 0;
			knownRegions = (
				en,
			);
			mainGroup = DC410CF413C39BFD00C90C19;
			productRefGroup = DC410D0013C39BFD00C90C19 /* Products */;
			projectDirPath = "";
			projectRoot = "";
			targets = (
				DC410CFE13C39BFD00C90C19 /* FoundationKitMac */,
				393A29A4142361950056CB37 /* FoundationKitiOS */,
				C5C18E7913C8C64C00DD0872 /* Tests */,
			);
		};
/* End PBXProject section */

/* Begin PBXResourcesBuildPhase section */
		C5C18E7713C8C64C00DD0872 /* Resources */ = {
			isa = PBXResourcesBuildPhase;
			buildActionMask = 2147483647;
			files = (
			);
			runOnlyForDeploymentPostprocessing = 0;
		};
/* End PBXResourcesBuildPhase section */

/* Begin PBXShellScriptBuildPhase section */
		C5C18E7813C8C64C00DD0872 /* ShellScript */ = {
			isa = PBXShellScriptBuildPhase;
			buildActionMask = 2147483647;
			files = (
			);
			inputPaths = (
			);
			outputPaths = (
			);
			runOnlyForDeploymentPostprocessing = 0;
			shellPath = /bin/sh;
			shellScript = "# Run the unit tests in this test bundle.\n\"${SYSTEM_DEVELOPER_DIR}/Tools/RunUnitTests\"\n";
		};
/* End PBXShellScriptBuildPhase section */

/* Begin PBXSourcesBuildPhase section */
		393A29A5142361950056CB37 /* Sources */ = {
			isa = PBXSourcesBuildPhase;
			buildActionMask = 2147483647;
			files = (
				393A29A6142361950056CB37 /* NSData+FKCrypto.m in Sources */,
				393A29A7142361950056CB37 /* NSError+FKAdditions.m in Sources */,
				393A29AD142361950056CB37 /* NSObject+FKSwizzle.m in Sources */,
				393A29AE142361950056CB37 /* FKLog.m in Sources */,
				393A29AF142361950056CB37 /* NSObject+FKAssociatedObjects.m in Sources */,
				393A29B1142361950056CB37 /* NSString+FKAdditions.m in Sources */,
				393A29B5142361950056CB37 /* NSObject+FKPerform.m in Sources */,
				393A29B6142361950056CB37 /* NSUserDefaults+FKAdditions.m in Sources */,
				9B54E82814269E6500336F08 /* NSObject+FKReflection.m in Sources */,
				39B07E6B14288A7100CBF1B8 /* FKMutableIntArray.m in Sources */,
				39AA0FB114291E8500C6956C /* NSDate+FKAdditions.m in Sources */,
				39CC1E43142F61280017578F /* NSArray+FKConcise.m in Sources */,
				39CC1E45142F61280017578F /* NSMutableArray+FKConcise.m in Sources */,
				39CC1E47142F61280017578F /* NSNumber+FKConcise.m in Sources */,
				9B04E2E41431F0E600974B96 /* NSObject+FKObserver.m in Sources */,
				39DEEAD2143BC23200B81BB5 /* NSOperationQueue+FKBlocks.m in Sources */,
				9B9DCAA0143F8676003D467B /* NSString+FKLevenshtein.m in Sources */,
				9B482792145DCD3F00C735DD /* NSMutableString+FKAdditions.m in Sources */,
				9B4827BE145DDB9E00C735DD /* NSNotificationCenter+FKMainThread.m in Sources */,
				9B4827CA145DE87C00C735DD /* NSString+FKXML.m in Sources */,
				9B564BFB14CD85B900A6B404 /* FKPaths.m in Sources */,
				9B2B4F3B14EFB6D400279BAA /* FKDeallocBlock.m in Sources */,
				9B2B4F4014EFB81300279BAA /* NSObject+FKDeallocBlock.m in Sources */,
				9B4623B215DC50A70061325D /* NSMutableArray+FKReorder.m in Sources */,
				9B76389A16833586007C0C81 /* NSURL+FKQueryParameters.m in Sources */,
				9B7638E516835190007C0C81 /* NSArray+FKDiff.m in Sources */,
				9B4D3DCB1767821200AEFC0F /* NSMutableAttributedString+FKAdditions.m in Sources */,
			);
			runOnlyForDeploymentPostprocessing = 0;
		};
		C5C18E7513C8C64C00DD0872 /* Sources */ = {
			isa = PBXSourcesBuildPhase;
			buildActionMask = 2147483647;
			files = (
				C5C18EC213C8CE9800DD0872 /* FKLogTests.m in Sources */,
				C5EF038913C98ECE00953F2B /* FKSynthesizeSingletonTests.m in Sources */,
				C5AAAA7613C9A32A00E44CE7 /* NSStringAdditionsTests.m in Sources */,
				39CC1E59142FAA220017578F /* FKMutableFloatArrayTests.m in Sources */,
				392D3C78142FF303003AFB81 /* FKPathsTests.m in Sources */,
				39C5905C14389169004C438C /* FKMutableIntArrayTests.m in Sources */,
				39DEEAD6143C8F3700B81BB5 /* FKOperationQueueFinishedTests.m in Sources */,
				39DEEAE0143CCDEC00B81BB5 /* FKMutableFloatArray.mm in Sources */,
				9B564BFC14CD85B900A6B404 /* FKPaths.m in Sources */,
				9B7638A01683374A007C0C81 /* NSURLAdditionsTests.m in Sources */,
			);
			runOnlyForDeploymentPostprocessing = 0;
		};
		DC410CFB13C39BFD00C90C19 /* Sources */ = {
			isa = PBXSourcesBuildPhase;
			buildActionMask = 2147483647;
			files = (
				C5E319D413C4744800D9CA76 /* NSData+FKCrypto.m in Sources */,
				DCB0127213C4AE9400AB692F /* NSError+FKAdditions.m in Sources */,
				DCF68FBF13C74ADB0057517A /* NSObject+FKSwizzle.m in Sources */,
				C582BF8C13C8B77C0012DF67 /* FKLog.m in Sources */,
				399F4CD413C905C70008CC0E /* NSObject+FKAssociatedObjects.m in Sources */,
				C5AAAA7913C9A33F00E44CE7 /* NSString+FKAdditions.m in Sources */,
				9B297218141BC81E006124A2 /* NSObject+FKPerform.m in Sources */,
				39CFA6151422500600DC3E57 /* NSUserDefaults+FKAdditions.m in Sources */,
				9B54E82714269E6500336F08 /* NSObject+FKReflection.m in Sources */,
				39B07E6A14288A7100CBF1B8 /* FKMutableIntArray.m in Sources */,
				39AA0FB014291E8500C6956C /* NSDate+FKAdditions.m in Sources */,
				39CC1E42142F61280017578F /* NSArray+FKConcise.m in Sources */,
				39CC1E44142F61280017578F /* NSMutableArray+FKConcise.m in Sources */,
				39CC1E46142F61280017578F /* NSNumber+FKConcise.m in Sources */,
				9B04E2E31431F0E600974B96 /* NSObject+FKObserver.m in Sources */,
				39DEEAD1143BC23200B81BB5 /* NSOperationQueue+FKBlocks.m in Sources */,
				9B9DCA9F143F8676003D467B /* NSString+FKLevenshtein.m in Sources */,
				9B482791145DCD3F00C735DD /* NSMutableString+FKAdditions.m in Sources */,
				9B4827BD145DDB9E00C735DD /* NSNotificationCenter+FKMainThread.m in Sources */,
				9B4827C9145DE87C00C735DD /* NSString+FKXML.m in Sources */,
				9B564BFA14CD85B900A6B404 /* FKPaths.m in Sources */,
				9B2B4F3A14EFB6D400279BAA /* FKDeallocBlock.m in Sources */,
				9B2B4F3F14EFB81300279BAA /* NSObject+FKDeallocBlock.m in Sources */,
				9B82D42E1557289300D01584 /* NSMutableArray+FKReorder.m in Sources */,
				9B7638981683235F007C0C81 /* NSURL+FKQueryParameters.m in Sources */,
				9B7638E416835190007C0C81 /* NSArray+FKDiff.m in Sources */,
				9B4D3DCA1767813300AEFC0F /* NSMutableAttributedString+FKAdditions.m in Sources */,
			);
			runOnlyForDeploymentPostprocessing = 0;
		};
/* End PBXSourcesBuildPhase section */

/* Begin PBXTargetDependency section */
		C5C18E9313C8C65100DD0872 /* PBXTargetDependency */ = {
			isa = PBXTargetDependency;
			target = DC410CFE13C39BFD00C90C19 /* FoundationKitMac */;
			targetProxy = C5C18E9213C8C65100DD0872 /* PBXContainerItemProxy */;
		};
/* End PBXTargetDependency section */

/* Begin XCBuildConfiguration section */
		393A29BA142361950056CB37 /* Debug */ = {
			isa = XCBuildConfiguration;
			buildSettings = {
				GCC_PRECOMPILE_PREFIX_HEADER = YES;
				GCC_PREFIX_HEADER = Prefix.pch;
				GCC_THUMB_SUPPORT = NO;
				IPHONEOS_DEPLOYMENT_TARGET = 5.0;
				PRODUCT_NAME = FoundationKitiOS;
				SDKROOT = iphoneos;
			};
			name = Debug;
		};
		393A29BB142361950056CB37 /* Release */ = {
			isa = XCBuildConfiguration;
			buildSettings = {
				GCC_PRECOMPILE_PREFIX_HEADER = YES;
				GCC_PREFIX_HEADER = Prefix.pch;
				GCC_THUMB_SUPPORT = NO;
				IPHONEOS_DEPLOYMENT_TARGET = 5.0;
				PRODUCT_NAME = FoundationKitiOS;
				SDKROOT = iphoneos;
			};
			name = Release;
		};
		C5C18E8E13C8C64C00DD0872 /* Debug */ = {
			isa = XCBuildConfiguration;
			buildSettings = {
				COMBINE_HIDPI_IMAGES = YES;
				FRAMEWORK_SEARCH_PATHS = "$(DEVELOPER_LIBRARY_DIR)/Frameworks";
				GCC_ENABLE_OBJC_EXCEPTIONS = YES;
				GCC_PRECOMPILE_PREFIX_HEADER = YES;
				GCC_PREFIX_HEADER = "Tests/Tests-Prefix.pch";
				GCC_WARN_64_TO_32_BIT_CONVERSION = YES;
				INFOPLIST_FILE = "Tests/Tests-Info.plist";
				OTHER_LDFLAGS = (
					"-lstdc++",
					"-ObjC",
				);
				PRODUCT_NAME = "$(TARGET_NAME)";
				WRAPPER_EXTENSION = octest;
			};
			name = Debug;
		};
		C5C18E8F13C8C64C00DD0872 /* Release */ = {
			isa = XCBuildConfiguration;
			buildSettings = {
				COMBINE_HIDPI_IMAGES = YES;
				FRAMEWORK_SEARCH_PATHS = "$(DEVELOPER_LIBRARY_DIR)/Frameworks";
				GCC_ENABLE_OBJC_EXCEPTIONS = YES;
				GCC_PRECOMPILE_PREFIX_HEADER = YES;
				GCC_PREFIX_HEADER = "Tests/Tests-Prefix.pch";
				GCC_WARN_64_TO_32_BIT_CONVERSION = YES;
				INFOPLIST_FILE = "Tests/Tests-Info.plist";
				OTHER_LDFLAGS = (
					"-lstdc++",
					"-ObjC",
				);
				PRODUCT_NAME = "$(TARGET_NAME)";
				WRAPPER_EXTENSION = octest;
			};
			name = Release;
		};
		DC410D0713C39BFD00C90C19 /* Debug */ = {
			isa = XCBuildConfiguration;
			buildSettings = {
				ALWAYS_SEARCH_USER_PATHS = NO;
				CLANG_ENABLE_OBJC_ARC = YES;
				CLANG_WARN_BOOL_CONVERSION = YES;
				CLANG_WARN_CONSTANT_CONVERSION = YES;
				CLANG_WARN_EMPTY_BODY = YES;
				CLANG_WARN_ENUM_CONVERSION = YES;
				CLANG_WARN_INT_CONVERSION = YES;
				CLANG_WARN__DUPLICATE_METHOD_MATCH = YES;
				COPY_PHASE_STRIP = NO;
				GCC_C_LANGUAGE_STANDARD = c99;
				GCC_DYNAMIC_NO_PIC = NO;
				GCC_OPTIMIZATION_LEVEL = 0;
				GCC_PREPROCESSOR_DEFINITIONS = (
					"DEBUG=1",
					"$(inherited)",
				);
				GCC_SYMBOLS_PRIVATE_EXTERN = NO;
				GCC_VERSION = com.apple.compilers.llvm.clang.1_0;
				GCC_WARN_64_TO_32_BIT_CONVERSION = YES;
				GCC_WARN_ABOUT_MISSING_PROTOTYPES = YES;
				GCC_WARN_ABOUT_RETURN_TYPE = YES;
				GCC_WARN_UNDECLARED_SELECTOR = YES;
				GCC_WARN_UNINITIALIZED_AUTOS = YES;
				GCC_WARN_UNUSED_FUNCTION = YES;
				GCC_WARN_UNUSED_VARIABLE = YES;
				ONLY_ACTIVE_ARCH = YES;
				SKIP_INSTALL = YES;
			};
			name = Debug;
		};
		DC410D0813C39BFD00C90C19 /* Release */ = {
			isa = XCBuildConfiguration;
			buildSettings = {
				ALWAYS_SEARCH_USER_PATHS = NO;
				CLANG_ENABLE_OBJC_ARC = YES;
				CLANG_WARN_BOOL_CONVERSION = YES;
				CLANG_WARN_CONSTANT_CONVERSION = YES;
				CLANG_WARN_EMPTY_BODY = YES;
				CLANG_WARN_ENUM_CONVERSION = YES;
				CLANG_WARN_INT_CONVERSION = YES;
				CLANG_WARN__DUPLICATE_METHOD_MATCH = YES;
				COPY_PHASE_STRIP = YES;
				DEBUG_INFORMATION_FORMAT = "dwarf-with-dsym";
				GCC_C_LANGUAGE_STANDARD = c99;
				GCC_VERSION = com.apple.compilers.llvm.clang.1_0;
				GCC_WARN_64_TO_32_BIT_CONVERSION = YES;
				GCC_WARN_ABOUT_MISSING_PROTOTYPES = YES;
				GCC_WARN_ABOUT_RETURN_TYPE = YES;
				GCC_WARN_UNDECLARED_SELECTOR = YES;
				GCC_WARN_UNINITIALIZED_AUTOS = YES;
				GCC_WARN_UNUSED_FUNCTION = YES;
				GCC_WARN_UNUSED_VARIABLE = YES;
				SKIP_INSTALL = YES;
				VALIDATE_PRODUCT = YES;
			};
			name = Release;
		};
		DC410D0A13C39BFD00C90C19 /* Debug */ = {
			isa = XCBuildConfiguration;
			buildSettings = {
				COMBINE_HIDPI_IMAGES = YES;
				GCC_PRECOMPILE_PREFIX_HEADER = YES;
				GCC_PREFIX_HEADER = Prefix.pch;
				PRODUCT_NAME = "$(TARGET_NAME)";
			};
			name = Debug;
		};
		DC410D0B13C39BFD00C90C19 /* Release */ = {
			isa = XCBuildConfiguration;
			buildSettings = {
				COMBINE_HIDPI_IMAGES = YES;
				GCC_PRECOMPILE_PREFIX_HEADER = YES;
				GCC_PREFIX_HEADER = Prefix.pch;
				PRODUCT_NAME = "$(TARGET_NAME)";
			};
			name = Release;
		};
/* End XCBuildConfiguration section */

/* Begin XCConfigurationList section */
		393A29B9142361950056CB37 /* Build configuration list for PBXNativeTarget "FoundationKitiOS" */ = {
			isa = XCConfigurationList;
			buildConfigurations = (
				393A29BA142361950056CB37 /* Debug */,
				393A29BB142361950056CB37 /* Release */,
			);
			defaultConfigurationIsVisible = 0;
			defaultConfigurationName = Release;
		};
		C5C18E9013C8C64C00DD0872 /* Build configuration list for PBXNativeTarget "Tests" */ = {
			isa = XCConfigurationList;
			buildConfigurations = (
				C5C18E8E13C8C64C00DD0872 /* Debug */,
				C5C18E8F13C8C64C00DD0872 /* Release */,
			);
			defaultConfigurationIsVisible = 0;
			defaultConfigurationName = Release;
		};
		DC410CF913C39BFD00C90C19 /* Build configuration list for PBXProject "FoundationKit" */ = {
			isa = XCConfigurationList;
			buildConfigurations = (
				DC410D0713C39BFD00C90C19 /* Debug */,
				DC410D0813C39BFD00C90C19 /* Release */,
			);
			defaultConfigurationIsVisible = 0;
			defaultConfigurationName = Release;
		};
		DC410D0913C39BFD00C90C19 /* Build configuration list for PBXNativeTarget "FoundationKitMac" */ = {
			isa = XCConfigurationList;
			buildConfigurations = (
				DC410D0A13C39BFD00C90C19 /* Debug */,
				DC410D0B13C39BFD00C90C19 /* Release */,
			);
			defaultConfigurationIsVisible = 0;
			defaultConfigurationName = Release;
		};
/* End XCConfigurationList section */
	};
	rootObject = DC410CF613C39BFD00C90C19 /* Project object */;
}
